// !$*UTF8*$!
{
	archiveVersion = 1;
	classes = {
	};
	objectVersion = 46;
	objects = {

/* Begin PBXBuildFile section */
		55177D6E1C88130500C02910 /* main.m in Sources */ = {isa = PBXBuildFile; fileRef = 55177D6D1C88130500C02910 /* main.m */; };
		55177D711C88130500C02910 /* LHHAppDelegate.m in Sources */ = {isa = PBXBuildFile; fileRef = 55177D701C88130500C02910 /* LHHAppDelegate.m */; };
		55177D791C88130500C02910 /* Assets.xcassets in Resources */ = {isa = PBXBuildFile; fileRef = 55177D781C88130500C02910 /* Assets.xcassets */; };
		55177D871C88130500C02910 /* WYPlatformocTests.m in Sources */ = {isa = PBXBuildFile; fileRef = 55177D861C88130500C02910 /* WYPlatformocTests.m */; };
		55177D9E1C88137D00C02910 /* LHHLoginTableViewCell.m in Sources */ = {isa = PBXBuildFile; fileRef = 55177D951C88137D00C02910 /* LHHLoginTableViewCell.m */; };
		55177D9F1C88137D00C02910 /* LHHLoginViewController.m in Sources */ = {isa = PBXBuildFile; fileRef = 55177D971C88137D00C02910 /* LHHLoginViewController.m */; };
		55177DA11C88137D00C02910 /* Default-568h@2x.png in Resources */ = {isa = PBXBuildFile; fileRef = 55177D9B1C88137D00C02910 /* Default-568h@2x.png */; };
		55177DA21C88137D00C02910 /* Default.png in Resources */ = {isa = PBXBuildFile; fileRef = 55177D9C1C88137D00C02910 /* Default.png */; };
		55177DA31C88137D00C02910 /* Default@2x.png in Resources */ = {isa = PBXBuildFile; fileRef = 55177D9D1C88137D00C02910 /* Default@2x.png */; };
		553E57DB1C99159F00AB74B6 /* InfoPlist.strings in Resources */ = {isa = PBXBuildFile; fileRef = 553E57DA1C99159F00AB74B6 /* InfoPlist.strings */; };
		55C77F4A1C8D209000623D74 /* LHHRegistViewController.m in Sources */ = {isa = PBXBuildFile; fileRef = 55C77F491C8D209000623D74 /* LHHRegistViewController.m */; };
		55C77F501C8D503800623D74 /* LHHRegistTableViewCell.m in Sources */ = {isa = PBXBuildFile; fileRef = 55C77F4F1C8D503800623D74 /* LHHRegistTableViewCell.m */; };
		55CE336A1D489EC7000621F2 /* LHHAdaptiveManager.m in Sources */ = {isa = PBXBuildFile; fileRef = 55CE33671D489EC7000621F2 /* LHHAdaptiveManager.m */; };
		55CE336B1D489EC7000621F2 /* UIDevice+UIDeviceExt.m in Sources */ = {isa = PBXBuildFile; fileRef = 55CE33691D489EC7000621F2 /* UIDevice+UIDeviceExt.m */; };
		55CE33771D48A4A3000621F2 /* LHHUser.m in Sources */ = {isa = PBXBuildFile; fileRef = 55CE33741D48A4A3000621F2 /* LHHUser.m */; };
		55CE33781D48A4A3000621F2 /* LHHUserManager.m in Sources */ = {isa = PBXBuildFile; fileRef = 55CE33761D48A4A3000621F2 /* LHHUserManager.m */; };
		55CE33841D48BACD000621F2 /* LHHBaseViewController.m in Sources */ = {isa = PBXBuildFile; fileRef = 55CE337B1D48BACD000621F2 /* LHHBaseViewController.m */; };
		55CE33851D48BACD000621F2 /* LHHActionSheet.m in Sources */ = {isa = PBXBuildFile; fileRef = 55CE337E1D48BACD000621F2 /* LHHActionSheet.m */; };
		55CE33861D48BACD000621F2 /* LHHAlertView.m in Sources */ = {isa = PBXBuildFile; fileRef = 55CE33801D48BACD000621F2 /* LHHAlertView.m */; };
		55CE33871D48BACD000621F2 /* LHHBarButtonItem.m in Sources */ = {isa = PBXBuildFile; fileRef = 55CE33821D48BACD000621F2 /* LHHBarButtonItem.m */; };
		55CE338A1D48BB1F000621F2 /* LHHTabBarItem.m in Sources */ = {isa = PBXBuildFile; fileRef = 55CE33891D48BB1F000621F2 /* LHHTabBarItem.m */; };
		55CE338D1D48C009000621F2 /* LHHTabBarViewController.m in Sources */ = {isa = PBXBuildFile; fileRef = 55CE338C1D48C009000621F2 /* LHHTabBarViewController.m */; };
		55D584DA1C8975AE003138AF /* blank_44.png in Resources */ = {isa = PBXBuildFile; fileRef = 55D584D41C8975AE003138AF /* blank_44.png */; };
		55D584DB1C8975AE003138AF /* blank_44@2x.png in Resources */ = {isa = PBXBuildFile; fileRef = 55D584D51C8975AE003138AF /* blank_44@2x.png */; };
		55D584DC1C8975AE003138AF /* blank_44@3x.png in Resources */ = {isa = PBXBuildFile; fileRef = 55D584D61C8975AE003138AF /* blank_44@3x.png */; };
		55D584DD1C8975AE003138AF /* blank_Translucent_44.png in Resources */ = {isa = PBXBuildFile; fileRef = 55D584D71C8975AE003138AF /* blank_Translucent_44.png */; };
		55D584DE1C8975AE003138AF /* blank_Translucent_44@2x.png in Resources */ = {isa = PBXBuildFile; fileRef = 55D584D81C8975AE003138AF /* blank_Translucent_44@2x.png */; };
		55D584DF1C8975AE003138AF /* blank_Translucent_44@3x.png in Resources */ = {isa = PBXBuildFile; fileRef = 55D584D91C8975AE003138AF /* blank_Translucent_44@3x.png */; };
		55EBBFA41D4AFBE20014342C /* LHHLaunchViewController.m in Sources */ = {isa = PBXBuildFile; fileRef = 55EBBFA21D4AFBE20014342C /* LHHLaunchViewController.m */; };
		55EBBFA51D4AFBE20014342C /* LHHLaunchViewController.xib in Resources */ = {isa = PBXBuildFile; fileRef = 55EBBFA31D4AFBE20014342C /* LHHLaunchViewController.xib */; };
		55EBBFA81D4B5AAB0014342C /* LHHReachability.m in Sources */ = {isa = PBXBuildFile; fileRef = 55EBBFA71D4B5AAB0014342C /* LHHReachability.m */; };
		55EBBFBA1D5211910014342C /* LHHUserPreferences.m in Sources */ = {isa = PBXBuildFile; fileRef = 55EBBFB91D5211910014342C /* LHHUserPreferences.m */; };
		55F2CF5C1D4604B9007F06CA /* LHHBaseServiceSession.m in Sources */ = {isa = PBXBuildFile; fileRef = 55F2CF5B1D4604B9007F06CA /* LHHBaseServiceSession.m */; };
		55F2CF5F1D4604FA007F06CA /* LHHRegistSession.m in Sources */ = {isa = PBXBuildFile; fileRef = 55F2CF5E1D4604FA007F06CA /* LHHRegistSession.m */; };
		55F2CF621D4760F2007F06CA /* LHHLoginSession.m in Sources */ = {isa = PBXBuildFile; fileRef = 55F2CF611D4760F2007F06CA /* LHHLoginSession.m */; };
		55F2CF6A1D484F8B007F06CA /* LHHMainViewController.m in Sources */ = {isa = PBXBuildFile; fileRef = 55F2CF691D484F8B007F06CA /* LHHMainViewController.m */; };
		55F5159B1D5AC7700098CA7A /* LHHChatsViewController.m in Sources */ = {isa = PBXBuildFile; fileRef = 55F515821D5AC7700098CA7A /* LHHChatsViewController.m */; };
		55F5159C1D5AC7700098CA7A /* LHHContactsViewController.m in Sources */ = {isa = PBXBuildFile; fileRef = 55F515881D5AC7700098CA7A /* LHHContactsViewController.m */; };
		55F5159D1D5AC7700098CA7A /* LHHDiscoverViewController.m in Sources */ = {isa = PBXBuildFile; fileRef = 55F5158E1D5AC7700098CA7A /* LHHDiscoverViewController.m */; };
		55F5159E1D5AC7700098CA7A /* LHHMeViewController.m in Sources */ = {isa = PBXBuildFile; fileRef = 55F515941D5AC7700098CA7A /* LHHMeViewController.m */; };
		55F5159F1D5AC7700098CA7A /* LHHMeCommonCell.m in Sources */ = {isa = PBXBuildFile; fileRef = 55F515971D5AC7700098CA7A /* LHHMeCommonCell.m */; };
		55F515A01D5AC7700098CA7A /* LHHMeHeaderCell.m in Sources */ = {isa = PBXBuildFile; fileRef = 55F515991D5AC7700098CA7A /* LHHMeHeaderCell.m */; };
		E7902E35B1A42A6FA3EFB74E /* Pods_WYPlatformoc.framework in Frameworks */ = {isa = PBXBuildFile; fileRef = 17D64C58974721ABB540B803 /* Pods_WYPlatformoc.framework */; };
/* End PBXBuildFile section */

/* Begin PBXContainerItemProxy section */
		55177D831C88130500C02910 /* PBXContainerItemProxy */ = {
			isa = PBXContainerItemProxy;
			containerPortal = 55177D611C88130400C02910 /* Project object */;
			proxyType = 1;
			remoteGlobalIDString = 55177D681C88130400C02910;
			remoteInfo = WYPlatformoc;
		};
/* End PBXContainerItemProxy section */

/* Begin PBXFileReference section */
		17D64C58974721ABB540B803 /* Pods_WYPlatformoc.framework */ = {isa = PBXFileReference; explicitFileType = wrapper.framework; includeInIndex = 0; path = Pods_WYPlatformoc.framework; sourceTree = BUILT_PRODUCTS_DIR; };
		55177D691C88130400C02910 /* WYPlatformoc.app */ = {isa = PBXFileReference; explicitFileType = wrapper.application; includeInIndex = 0; path = WYPlatformoc.app; sourceTree = BUILT_PRODUCTS_DIR; };
		55177D6D1C88130500C02910 /* main.m */ = {isa = PBXFileReference; lastKnownFileType = sourcecode.c.objc; path = main.m; sourceTree = "<group>"; };
		55177D6F1C88130500C02910 /* LHHAppDelegate.h */ = {isa = PBXFileReference; lastKnownFileType = sourcecode.c.h; path = LHHAppDelegate.h; sourceTree = "<group>"; };
		55177D701C88130500C02910 /* LHHAppDelegate.m */ = {isa = PBXFileReference; lastKnownFileType = sourcecode.c.objc; path = LHHAppDelegate.m; sourceTree = "<group>"; };
		55177D781C88130500C02910 /* Assets.xcassets */ = {isa = PBXFileReference; lastKnownFileType = folder.assetcatalog; path = Assets.xcassets; sourceTree = "<group>"; };
		55177D7D1C88130500C02910 /* Info.plist */ = {isa = PBXFileReference; lastKnownFileType = text.plist.xml; path = Info.plist; sourceTree = "<group>"; };
		55177D821C88130500C02910 /* WYPlatformocTests.xctest */ = {isa = PBXFileReference; explicitFileType = wrapper.cfbundle; includeInIndex = 0; path = WYPlatformocTests.xctest; sourceTree = BUILT_PRODUCTS_DIR; };
		55177D861C88130500C02910 /* WYPlatformocTests.m */ = {isa = PBXFileReference; lastKnownFileType = sourcecode.c.objc; path = WYPlatformocTests.m; sourceTree = "<group>"; };
		55177D881C88130500C02910 /* Info.plist */ = {isa = PBXFileReference; lastKnownFileType = text.plist.xml; path = Info.plist; sourceTree = "<group>"; };
		55177D941C88137D00C02910 /* LHHLoginTableViewCell.h */ = {isa = PBXFileReference; fileEncoding = 4; lastKnownFileType = sourcecode.c.h; path = LHHLoginTableViewCell.h; sourceTree = "<group>"; };
		55177D951C88137D00C02910 /* LHHLoginTableViewCell.m */ = {isa = PBXFileReference; fileEncoding = 4; lastKnownFileType = sourcecode.c.objc; path = LHHLoginTableViewCell.m; sourceTree = "<group>"; };
		55177D961C88137D00C02910 /* LHHLoginViewController.h */ = {isa = PBXFileReference; fileEncoding = 4; lastKnownFileType = sourcecode.c.h; path = LHHLoginViewController.h; sourceTree = "<group>"; };
		55177D971C88137D00C02910 /* LHHLoginViewController.m */ = {isa = PBXFileReference; fileEncoding = 4; lastKnownFileType = sourcecode.c.objc; path = LHHLoginViewController.m; sourceTree = "<group>"; };
		55177D9B1C88137D00C02910 /* Default-568h@2x.png */ = {isa = PBXFileReference; lastKnownFileType = image.png; path = "Default-568h@2x.png"; sourceTree = "<group>"; };
		55177D9C1C88137D00C02910 /* Default.png */ = {isa = PBXFileReference; lastKnownFileType = image.png; path = Default.png; sourceTree = "<group>"; };
		55177D9D1C88137D00C02910 /* Default@2x.png */ = {isa = PBXFileReference; lastKnownFileType = image.png; path = "Default@2x.png"; sourceTree = "<group>"; };
		55177DA51C88205A00C02910 /* LHHCommonDefines.h */ = {isa = PBXFileReference; fileEncoding = 4; lastKnownFileType = sourcecode.c.h; path = LHHCommonDefines.h; sourceTree = "<group>"; };
		55177DA61C88207C00C02910 /* LHHCommonColors.h */ = {isa = PBXFileReference; lastKnownFileType = sourcecode.c.h; path = LHHCommonColors.h; sourceTree = "<group>"; };
		553E57DA1C99159F00AB74B6 /* InfoPlist.strings */ = {isa = PBXFileReference; fileEncoding = 4; lastKnownFileType = text.plist.strings; path = InfoPlist.strings; sourceTree = "<group>"; };
		55C77F481C8D209000623D74 /* LHHRegistViewController.h */ = {isa = PBXFileReference; fileEncoding = 4; lastKnownFileType = sourcecode.c.h; path = LHHRegistViewController.h; sourceTree = "<group>"; };
		55C77F491C8D209000623D74 /* LHHRegistViewController.m */ = {isa = PBXFileReference; fileEncoding = 4; lastKnownFileType = sourcecode.c.objc; path = LHHRegistViewController.m; sourceTree = "<group>"; };
		55C77F4E1C8D503800623D74 /* LHHRegistTableViewCell.h */ = {isa = PBXFileReference; fileEncoding = 4; lastKnownFileType = sourcecode.c.h; path = LHHRegistTableViewCell.h; sourceTree = "<group>"; };
		55C77F4F1C8D503800623D74 /* LHHRegistTableViewCell.m */ = {isa = PBXFileReference; fileEncoding = 4; lastKnownFileType = sourcecode.c.objc; path = LHHRegistTableViewCell.m; sourceTree = "<group>"; };
		55C77F511C8D825600623D74 /* WYPlatformocPrefix.pch */ = {isa = PBXFileReference; lastKnownFileType = sourcecode.c.h; path = WYPlatformocPrefix.pch; sourceTree = "<group>"; };
		55CE33661D489EC7000621F2 /* LHHAdaptiveManager.h */ = {isa = PBXFileReference; fileEncoding = 4; lastKnownFileType = sourcecode.c.h; path = LHHAdaptiveManager.h; sourceTree = "<group>"; };
		55CE33671D489EC7000621F2 /* LHHAdaptiveManager.m */ = {isa = PBXFileReference; fileEncoding = 4; lastKnownFileType = sourcecode.c.objc; path = LHHAdaptiveManager.m; sourceTree = "<group>"; };
		55CE33681D489EC7000621F2 /* UIDevice+UIDeviceExt.h */ = {isa = PBXFileReference; fileEncoding = 4; lastKnownFileType = sourcecode.c.h; path = "UIDevice+UIDeviceExt.h"; sourceTree = "<group>"; };
		55CE33691D489EC7000621F2 /* UIDevice+UIDeviceExt.m */ = {isa = PBXFileReference; fileEncoding = 4; lastKnownFileType = sourcecode.c.objc; path = "UIDevice+UIDeviceExt.m"; sourceTree = "<group>"; };
		55CE336F1D489F64000621F2 /* LHHConstant.h */ = {isa = PBXFileReference; fileEncoding = 4; lastKnownFileType = sourcecode.c.h; path = LHHConstant.h; sourceTree = "<group>"; };
		55CE33701D48A0AF000621F2 /* LHHMacros.h */ = {isa = PBXFileReference; lastKnownFileType = sourcecode.c.h; path = LHHMacros.h; sourceTree = "<group>"; };
		55CE33731D48A4A3000621F2 /* LHHUser.h */ = {isa = PBXFileReference; fileEncoding = 4; lastKnownFileType = sourcecode.c.h; path = LHHUser.h; sourceTree = "<group>"; };
		55CE33741D48A4A3000621F2 /* LHHUser.m */ = {isa = PBXFileReference; fileEncoding = 4; lastKnownFileType = sourcecode.c.objc; path = LHHUser.m; sourceTree = "<group>"; };
		55CE33751D48A4A3000621F2 /* LHHUserManager.h */ = {isa = PBXFileReference; fileEncoding = 4; lastKnownFileType = sourcecode.c.h; path = LHHUserManager.h; sourceTree = "<group>"; };
		55CE33761D48A4A3000621F2 /* LHHUserManager.m */ = {isa = PBXFileReference; fileEncoding = 4; lastKnownFileType = sourcecode.c.objc; path = LHHUserManager.m; sourceTree = "<group>"; };
		55CE337A1D48BACD000621F2 /* LHHBaseViewController.h */ = {isa = PBXFileReference; fileEncoding = 4; lastKnownFileType = sourcecode.c.h; path = LHHBaseViewController.h; sourceTree = "<group>"; };
		55CE337B1D48BACD000621F2 /* LHHBaseViewController.m */ = {isa = PBXFileReference; fileEncoding = 4; lastKnownFileType = sourcecode.c.objc; path = LHHBaseViewController.m; sourceTree = "<group>"; };
		55CE337D1D48BACD000621F2 /* LHHActionSheet.h */ = {isa = PBXFileReference; fileEncoding = 4; lastKnownFileType = sourcecode.c.h; path = LHHActionSheet.h; sourceTree = "<group>"; };
		55CE337E1D48BACD000621F2 /* LHHActionSheet.m */ = {isa = PBXFileReference; fileEncoding = 4; lastKnownFileType = sourcecode.c.objc; path = LHHActionSheet.m; sourceTree = "<group>"; };
		55CE337F1D48BACD000621F2 /* LHHAlertView.h */ = {isa = PBXFileReference; fileEncoding = 4; lastKnownFileType = sourcecode.c.h; path = LHHAlertView.h; sourceTree = "<group>"; };
		55CE33801D48BACD000621F2 /* LHHAlertView.m */ = {isa = PBXFileReference; fileEncoding = 4; lastKnownFileType = sourcecode.c.objc; path = LHHAlertView.m; sourceTree = "<group>"; };
		55CE33811D48BACD000621F2 /* LHHBarButtonItem.h */ = {isa = PBXFileReference; fileEncoding = 4; lastKnownFileType = sourcecode.c.h; path = LHHBarButtonItem.h; sourceTree = "<group>"; };
		55CE33821D48BACD000621F2 /* LHHBarButtonItem.m */ = {isa = PBXFileReference; fileEncoding = 4; lastKnownFileType = sourcecode.c.objc; path = LHHBarButtonItem.m; sourceTree = "<group>"; };
		55CE33881D48BB1F000621F2 /* LHHTabBarItem.h */ = {isa = PBXFileReference; fileEncoding = 4; lastKnownFileType = sourcecode.c.h; path = LHHTabBarItem.h; sourceTree = "<group>"; };
		55CE33891D48BB1F000621F2 /* LHHTabBarItem.m */ = {isa = PBXFileReference; fileEncoding = 4; lastKnownFileType = sourcecode.c.objc; path = LHHTabBarItem.m; sourceTree = "<group>"; };
		55CE338B1D48C009000621F2 /* LHHTabBarViewController.h */ = {isa = PBXFileReference; fileEncoding = 4; lastKnownFileType = sourcecode.c.h; path = LHHTabBarViewController.h; sourceTree = "<group>"; };
		55CE338C1D48C009000621F2 /* LHHTabBarViewController.m */ = {isa = PBXFileReference; fileEncoding = 4; lastKnownFileType = sourcecode.c.objc; path = LHHTabBarViewController.m; sourceTree = "<group>"; };
		55D584D41C8975AE003138AF /* blank_44.png */ = {isa = PBXFileReference; lastKnownFileType = image.png; path = blank_44.png; sourceTree = "<group>"; };
		55D584D51C8975AE003138AF /* blank_44@2x.png */ = {isa = PBXFileReference; lastKnownFileType = image.png; path = "blank_44@2x.png"; sourceTree = "<group>"; };
		55D584D61C8975AE003138AF /* blank_44@3x.png */ = {isa = PBXFileReference; lastKnownFileType = image.png; path = "blank_44@3x.png"; sourceTree = "<group>"; };
		55D584D71C8975AE003138AF /* blank_Translucent_44.png */ = {isa = PBXFileReference; lastKnownFileType = image.png; path = blank_Translucent_44.png; sourceTree = "<group>"; };
		55D584D81C8975AE003138AF /* blank_Translucent_44@2x.png */ = {isa = PBXFileReference; lastKnownFileType = image.png; path = "blank_Translucent_44@2x.png"; sourceTree = "<group>"; };
		55D584D91C8975AE003138AF /* blank_Translucent_44@3x.png */ = {isa = PBXFileReference; lastKnownFileType = image.png; path = "blank_Translucent_44@3x.png"; sourceTree = "<group>"; };
		55EBBFA11D4AFBE20014342C /* LHHLaunchViewController.h */ = {isa = PBXFileReference; fileEncoding = 4; lastKnownFileType = sourcecode.c.h; path = LHHLaunchViewController.h; sourceTree = "<group>"; };
		55EBBFA21D4AFBE20014342C /* LHHLaunchViewController.m */ = {isa = PBXFileReference; fileEncoding = 4; lastKnownFileType = sourcecode.c.objc; path = LHHLaunchViewController.m; sourceTree = "<group>"; };
		55EBBFA31D4AFBE20014342C /* LHHLaunchViewController.xib */ = {isa = PBXFileReference; fileEncoding = 4; lastKnownFileType = file.xib; path = LHHLaunchViewController.xib; sourceTree = "<group>"; };
		55EBBFA61D4B5AAB0014342C /* LHHReachability.h */ = {isa = PBXFileReference; fileEncoding = 4; lastKnownFileType = sourcecode.c.h; path = LHHReachability.h; sourceTree = "<group>"; };
		55EBBFA71D4B5AAB0014342C /* LHHReachability.m */ = {isa = PBXFileReference; fileEncoding = 4; lastKnownFileType = sourcecode.c.objc; path = LHHReachability.m; sourceTree = "<group>"; };
		55EBBFB81D5211910014342C /* LHHUserPreferences.h */ = {isa = PBXFileReference; fileEncoding = 4; lastKnownFileType = sourcecode.c.h; path = LHHUserPreferences.h; sourceTree = "<group>"; };
		55EBBFB91D5211910014342C /* LHHUserPreferences.m */ = {isa = PBXFileReference; fileEncoding = 4; lastKnownFileType = sourcecode.c.objc; path = LHHUserPreferences.m; sourceTree = "<group>"; };
		55F2CF5A1D4604B9007F06CA /* LHHBaseServiceSession.h */ = {isa = PBXFileReference; fileEncoding = 4; lastKnownFileType = sourcecode.c.h; path = LHHBaseServiceSession.h; sourceTree = "<group>"; };
		55F2CF5B1D4604B9007F06CA /* LHHBaseServiceSession.m */ = {isa = PBXFileReference; fileEncoding = 4; lastKnownFileType = sourcecode.c.objc; path = LHHBaseServiceSession.m; sourceTree = "<group>"; };
		55F2CF5D1D4604FA007F06CA /* LHHRegistSession.h */ = {isa = PBXFileReference; fileEncoding = 4; lastKnownFileType = sourcecode.c.h; path = LHHRegistSession.h; sourceTree = "<group>"; };
		55F2CF5E1D4604FA007F06CA /* LHHRegistSession.m */ = {isa = PBXFileReference; fileEncoding = 4; lastKnownFileType = sourcecode.c.objc; path = LHHRegistSession.m; sourceTree = "<group>"; };
		55F2CF601D4760F2007F06CA /* LHHLoginSession.h */ = {isa = PBXFileReference; fileEncoding = 4; lastKnownFileType = sourcecode.c.h; path = LHHLoginSession.h; sourceTree = "<group>"; };
		55F2CF611D4760F2007F06CA /* LHHLoginSession.m */ = {isa = PBXFileReference; fileEncoding = 4; lastKnownFileType = sourcecode.c.objc; path = LHHLoginSession.m; sourceTree = "<group>"; };
		55F2CF681D484F8B007F06CA /* LHHMainViewController.h */ = {isa = PBXFileReference; fileEncoding = 4; lastKnownFileType = sourcecode.c.h; path = LHHMainViewController.h; sourceTree = "<group>"; };
		55F2CF691D484F8B007F06CA /* LHHMainViewController.m */ = {isa = PBXFileReference; fileEncoding = 4; lastKnownFileType = sourcecode.c.objc; path = LHHMainViewController.m; sourceTree = "<group>"; };
		55F515811D5AC7700098CA7A /* LHHChatsViewController.h */ = {isa = PBXFileReference; fileEncoding = 4; lastKnownFileType = sourcecode.c.h; path = LHHChatsViewController.h; sourceTree = "<group>"; };
		55F515821D5AC7700098CA7A /* LHHChatsViewController.m */ = {isa = PBXFileReference; fileEncoding = 4; lastKnownFileType = sourcecode.c.objc; path = LHHChatsViewController.m; sourceTree = "<group>"; };
		55F515871D5AC7700098CA7A /* LHHContactsViewController.h */ = {isa = PBXFileReference; fileEncoding = 4; lastKnownFileType = sourcecode.c.h; path = LHHContactsViewController.h; sourceTree = "<group>"; };
		55F515881D5AC7700098CA7A /* LHHContactsViewController.m */ = {isa = PBXFileReference; fileEncoding = 4; lastKnownFileType = sourcecode.c.objc; path = LHHContactsViewController.m; sourceTree = "<group>"; };
		55F5158D1D5AC7700098CA7A /* LHHDiscoverViewController.h */ = {isa = PBXFileReference; fileEncoding = 4; lastKnownFileType = sourcecode.c.h; path = LHHDiscoverViewController.h; sourceTree = "<group>"; };
		55F5158E1D5AC7700098CA7A /* LHHDiscoverViewController.m */ = {isa = PBXFileReference; fileEncoding = 4; lastKnownFileType = sourcecode.c.objc; path = LHHDiscoverViewController.m; sourceTree = "<group>"; };
		55F515931D5AC7700098CA7A /* LHHMeViewController.h */ = {isa = PBXFileReference; fileEncoding = 4; lastKnownFileType = sourcecode.c.h; path = LHHMeViewController.h; sourceTree = "<group>"; };
		55F515941D5AC7700098CA7A /* LHHMeViewController.m */ = {isa = PBXFileReference; fileEncoding = 4; lastKnownFileType = sourcecode.c.objc; path = LHHMeViewController.m; sourceTree = "<group>"; };
		55F515961D5AC7700098CA7A /* LHHMeCommonCell.h */ = {isa = PBXFileReference; fileEncoding = 4; lastKnownFileType = sourcecode.c.h; path = LHHMeCommonCell.h; sourceTree = "<group>"; };
		55F515971D5AC7700098CA7A /* LHHMeCommonCell.m */ = {isa = PBXFileReference; fileEncoding = 4; lastKnownFileType = sourcecode.c.objc; path = LHHMeCommonCell.m; sourceTree = "<group>"; };
		55F515981D5AC7700098CA7A /* LHHMeHeaderCell.h */ = {isa = PBXFileReference; fileEncoding = 4; lastKnownFileType = sourcecode.c.h; path = LHHMeHeaderCell.h; sourceTree = "<group>"; };
		55F515991D5AC7700098CA7A /* LHHMeHeaderCell.m */ = {isa = PBXFileReference; fileEncoding = 4; lastKnownFileType = sourcecode.c.objc; path = LHHMeHeaderCell.m; sourceTree = "<group>"; };
		ACFC21F61AB6D3DC5EFC60DE /* Pods-WYPlatformoc.debug.xcconfig */ = {isa = PBXFileReference; includeInIndex = 1; lastKnownFileType = text.xcconfig; name = "Pods-WYPlatformoc.debug.xcconfig"; path = "Pods/Target Support Files/Pods-WYPlatformoc/Pods-WYPlatformoc.debug.xcconfig"; sourceTree = "<group>"; };
		C4F3EBF552AA94C3D54ACDB7 /* Pods-WYPlatformoc.release.xcconfig */ = {isa = PBXFileReference; includeInIndex = 1; lastKnownFileType = text.xcconfig; name = "Pods-WYPlatformoc.release.xcconfig"; path = "Pods/Target Support Files/Pods-WYPlatformoc/Pods-WYPlatformoc.release.xcconfig"; sourceTree = "<group>"; };
/* End PBXFileReference section */

/* Begin PBXFrameworksBuildPhase section */
		55177D661C88130400C02910 /* Frameworks */ = {
			isa = PBXFrameworksBuildPhase;
			buildActionMask = 2147483647;
			files = (
				E7902E35B1A42A6FA3EFB74E /* Pods_WYPlatformoc.framework in Frameworks */,
			);
			runOnlyForDeploymentPostprocessing = 0;
		};
		55177D7F1C88130500C02910 /* Frameworks */ = {
			isa = PBXFrameworksBuildPhase;
			buildActionMask = 2147483647;
			files = (
			);
			runOnlyForDeploymentPostprocessing = 0;
		};
/* End PBXFrameworksBuildPhase section */

/* Begin PBXGroup section */
		216C3EDD124D5663F94509F1 /* Frameworks */ = {
			isa = PBXGroup;
			children = (
				17D64C58974721ABB540B803 /* Pods_WYPlatformoc.framework */,
			);
			name = Frameworks;
			sourceTree = "<group>";
		};
		55177D601C88130400C02910 = {
			isa = PBXGroup;
			children = (
				55177D6B1C88130500C02910 /* WYPlatformoc */,
				55177D851C88130500C02910 /* WYPlatformocTests */,
				55177D6A1C88130400C02910 /* Products */,
				EE6E0660D22FDD5736AFB744 /* Pods */,
				216C3EDD124D5663F94509F1 /* Frameworks */,
			);
			sourceTree = "<group>";
		};
		55177D6A1C88130400C02910 /* Products */ = {
			isa = PBXGroup;
			children = (
				55177D691C88130400C02910 /* WYPlatformoc.app */,
				55177D821C88130500C02910 /* WYPlatformocTests.xctest */,
			);
			name = Products;
			sourceTree = "<group>";
		};
		55177D6B1C88130500C02910 /* WYPlatformoc */ = {
			isa = PBXGroup;
			children = (
				55D584CA1C8968FA003138AF /* LHHBase */,
				55177DA41C88205A00C02910 /* LHHCommon */,
				55CE33711D48A4A3000621F2 /* LHHModel */,
				55F2CF671D484F8B007F06CA /* LHHMain */,
				55177D931C88137D00C02910 /* LHHLogin */,
				55C77F471C8D206400623D74 /* LHHRegist */,
				55F2CF6B1D485282007F06CA /* LHHWeChat */,
				55177D6F1C88130500C02910 /* LHHAppDelegate.h */,
				55177D701C88130500C02910 /* LHHAppDelegate.m */,
				55177D781C88130500C02910 /* Assets.xcassets */,
				55177D6C1C88130500C02910 /* Supporting Files */,
				55177D9A1C88137D00C02910 /* Resource */,
			);
			path = WYPlatformoc;
			sourceTree = "<group>";
		};
		55177D6C1C88130500C02910 /* Supporting Files */ = {
			isa = PBXGroup;
			children = (
				55177D7D1C88130500C02910 /* Info.plist */,
				55177D6D1C88130500C02910 /* main.m */,
				55C77F511C8D825600623D74 /* WYPlatformocPrefix.pch */,
				553E57DA1C99159F00AB74B6 /* InfoPlist.strings */,
			);
			name = "Supporting Files";
			sourceTree = "<group>";
		};
		55177D851C88130500C02910 /* WYPlatformocTests */ = {
			isa = PBXGroup;
			children = (
				55177D861C88130500C02910 /* WYPlatformocTests.m */,
				55177D881C88130500C02910 /* Info.plist */,
			);
			path = WYPlatformocTests;
			sourceTree = "<group>";
		};
		55177D931C88137D00C02910 /* LHHLogin */ = {
			isa = PBXGroup;
			children = (
				55177D961C88137D00C02910 /* LHHLoginViewController.h */,
				55177D971C88137D00C02910 /* LHHLoginViewController.m */,
				55177D941C88137D00C02910 /* LHHLoginTableViewCell.h */,
				55177D951C88137D00C02910 /* LHHLoginTableViewCell.m */,
				55F2CF601D4760F2007F06CA /* LHHLoginSession.h */,
				55F2CF611D4760F2007F06CA /* LHHLoginSession.m */,
			);
			path = LHHLogin;
			sourceTree = "<group>";
		};
		55177D9A1C88137D00C02910 /* Resource */ = {
			isa = PBXGroup;
			children = (
				55D584D41C8975AE003138AF /* blank_44.png */,
				55D584D51C8975AE003138AF /* blank_44@2x.png */,
				55D584D61C8975AE003138AF /* blank_44@3x.png */,
				55D584D71C8975AE003138AF /* blank_Translucent_44.png */,
				55D584D81C8975AE003138AF /* blank_Translucent_44@2x.png */,
				55D584D91C8975AE003138AF /* blank_Translucent_44@3x.png */,
				55177D9B1C88137D00C02910 /* Default-568h@2x.png */,
				55177D9C1C88137D00C02910 /* Default.png */,
				55177D9D1C88137D00C02910 /* Default@2x.png */,
			);
			path = Resource;
			sourceTree = "<group>";
		};
		55177DA41C88205A00C02910 /* LHHCommon */ = {
			isa = PBXGroup;
			children = (
				55CE336F1D489F64000621F2 /* LHHConstant.h */,
				55CE33701D48A0AF000621F2 /* LHHMacros.h */,
				55177DA51C88205A00C02910 /* LHHCommonDefines.h */,
				55177DA61C88207C00C02910 /* LHHCommonColors.h */,
				55F2CF5A1D4604B9007F06CA /* LHHBaseServiceSession.h */,
				55F2CF5B1D4604B9007F06CA /* LHHBaseServiceSession.m */,
				55CE33661D489EC7000621F2 /* LHHAdaptiveManager.h */,
				55CE33671D489EC7000621F2 /* LHHAdaptiveManager.m */,
				55CE33681D489EC7000621F2 /* UIDevice+UIDeviceExt.h */,
				55CE33691D489EC7000621F2 /* UIDevice+UIDeviceExt.m */,
				55EBBFA61D4B5AAB0014342C /* LHHReachability.h */,
				55EBBFA71D4B5AAB0014342C /* LHHReachability.m */,
			);
			path = LHHCommon;
			sourceTree = "<group>";
		};
		55C77F471C8D206400623D74 /* LHHRegist */ = {
			isa = PBXGroup;
			children = (
				55C77F481C8D209000623D74 /* LHHRegistViewController.h */,
				55C77F491C8D209000623D74 /* LHHRegistViewController.m */,
				55C77F4E1C8D503800623D74 /* LHHRegistTableViewCell.h */,
				55C77F4F1C8D503800623D74 /* LHHRegistTableViewCell.m */,
				55F2CF5D1D4604FA007F06CA /* LHHRegistSession.h */,
				55F2CF5E1D4604FA007F06CA /* LHHRegistSession.m */,
			);
			path = LHHRegist;
			sourceTree = "<group>";
		};
		55CE33711D48A4A3000621F2 /* LHHModel */ = {
			isa = PBXGroup;
			children = (
				55CE33721D48A4A3000621F2 /* User */,
			);
			path = LHHModel;
			sourceTree = "<group>";
		};
		55CE33721D48A4A3000621F2 /* User */ = {
			isa = PBXGroup;
			children = (
				55CE33731D48A4A3000621F2 /* LHHUser.h */,
				55CE33741D48A4A3000621F2 /* LHHUser.m */,
				55CE33751D48A4A3000621F2 /* LHHUserManager.h */,
				55CE33761D48A4A3000621F2 /* LHHUserManager.m */,
				55EBBFB81D5211910014342C /* LHHUserPreferences.h */,
				55EBBFB91D5211910014342C /* LHHUserPreferences.m */,
			);
			path = User;
			sourceTree = "<group>";
		};
		55CE33791D48BACD000621F2 /* Controller */ = {
			isa = PBXGroup;
			children = (
				55CE337A1D48BACD000621F2 /* LHHBaseViewController.h */,
				55CE337B1D48BACD000621F2 /* LHHBaseViewController.m */,
				55CE338B1D48C009000621F2 /* LHHTabBarViewController.h */,
				55CE338C1D48C009000621F2 /* LHHTabBarViewController.m */,
				55EBBFA11D4AFBE20014342C /* LHHLaunchViewController.h */,
				55EBBFA21D4AFBE20014342C /* LHHLaunchViewController.m */,
				55EBBFA31D4AFBE20014342C /* LHHLaunchViewController.xib */,
			);
			path = Controller;
			sourceTree = "<group>";
		};
		55CE337C1D48BACD000621F2 /* View */ = {
			isa = PBXGroup;
			children = (
				55CE337D1D48BACD000621F2 /* LHHActionSheet.h */,
				55CE337E1D48BACD000621F2 /* LHHActionSheet.m */,
				55CE337F1D48BACD000621F2 /* LHHAlertView.h */,
				55CE33801D48BACD000621F2 /* LHHAlertView.m */,
				55CE33811D48BACD000621F2 /* LHHBarButtonItem.h */,
				55CE33821D48BACD000621F2 /* LHHBarButtonItem.m */,
			);
			path = View;
			sourceTree = "<group>";
		};
		55CE33831D48BACD000621F2 /* Widget */ = {
			isa = PBXGroup;
			children = (
				55CE33881D48BB1F000621F2 /* LHHTabBarItem.h */,
				55CE33891D48BB1F000621F2 /* LHHTabBarItem.m */,
			);
			path = Widget;
			sourceTree = "<group>";
		};
		55D584CA1C8968FA003138AF /* LHHBase */ = {
			isa = PBXGroup;
			children = (
				55CE33791D48BACD000621F2 /* Controller */,
				55CE337C1D48BACD000621F2 /* View */,
				55CE33831D48BACD000621F2 /* Widget */,
			);
			path = LHHBase;
			sourceTree = "<group>";
		};
		55F2CF671D484F8B007F06CA /* LHHMain */ = {
			isa = PBXGroup;
			children = (
				55F2CF681D484F8B007F06CA /* LHHMainViewController.h */,
				55F2CF691D484F8B007F06CA /* LHHMainViewController.m */,
			);
			path = LHHMain;
			sourceTree = "<group>";
		};
		55F2CF6B1D485282007F06CA /* LHHWeChat */ = {
			isa = PBXGroup;
			children = (
				55F5157F1D5AC7700098CA7A /* Chats */,
				55F515851D5AC7700098CA7A /* Contacts */,
				55F5158B1D5AC7700098CA7A /* Discover */,
				55F515911D5AC7700098CA7A /* Me */,
			);
			path = LHHWeChat;
			sourceTree = "<group>";
		};
		55F5157F1D5AC7700098CA7A /* Chats */ = {
			isa = PBXGroup;
			children = (
				55F515801D5AC7700098CA7A /* Controller */,
				55F515831D5AC7700098CA7A /* View */,
				55F515841D5AC7700098CA7A /* Widget */,
			);
			path = Chats;
			sourceTree = "<group>";
		};
		55F515801D5AC7700098CA7A /* Controller */ = {
			isa = PBXGroup;
			children = (
				55F515811D5AC7700098CA7A /* LHHChatsViewController.h */,
				55F515821D5AC7700098CA7A /* LHHChatsViewController.m */,
			);
			path = Controller;
			sourceTree = "<group>";
		};
		55F515831D5AC7700098CA7A /* View */ = {
			isa = PBXGroup;
			children = (
			);
			path = View;
			sourceTree = "<group>";
		};
		55F515841D5AC7700098CA7A /* Widget */ = {
			isa = PBXGroup;
			children = (
			);
			path = Widget;
			sourceTree = "<group>";
		};
		55F515851D5AC7700098CA7A /* Contacts */ = {
			isa = PBXGroup;
			children = (
				55F515861D5AC7700098CA7A /* Controller */,
				55F515891D5AC7700098CA7A /* View */,
				55F5158A1D5AC7700098CA7A /* Widget */,
			);
			path = Contacts;
			sourceTree = "<group>";
		};
		55F515861D5AC7700098CA7A /* Controller */ = {
			isa = PBXGroup;
			children = (
				55F515871D5AC7700098CA7A /* LHHContactsViewController.h */,
				55F515881D5AC7700098CA7A /* LHHContactsViewController.m */,
			);
			path = Controller;
			sourceTree = "<group>";
		};
		55F515891D5AC7700098CA7A /* View */ = {
			isa = PBXGroup;
			children = (
			);
			path = View;
			sourceTree = "<group>";
		};
		55F5158A1D5AC7700098CA7A /* Widget */ = {
			isa = PBXGroup;
			children = (
			);
			path = Widget;
			sourceTree = "<group>";
		};
		55F5158B1D5AC7700098CA7A /* Discover */ = {
			isa = PBXGroup;
			children = (
				55F5158C1D5AC7700098CA7A /* Controller */,
				55F5158F1D5AC7700098CA7A /* View */,
				55F515901D5AC7700098CA7A /* Widget */,
			);
			path = Discover;
			sourceTree = "<group>";
		};
		55F5158C1D5AC7700098CA7A /* Controller */ = {
			isa = PBXGroup;
			children = (
				55F5158D1D5AC7700098CA7A /* LHHDiscoverViewController.h */,
				55F5158E1D5AC7700098CA7A /* LHHDiscoverViewController.m */,
			);
			path = Controller;
			sourceTree = "<group>";
		};
		55F5158F1D5AC7700098CA7A /* View */ = {
			isa = PBXGroup;
			children = (
			);
			path = View;
			sourceTree = "<group>";
		};
		55F515901D5AC7700098CA7A /* Widget */ = {
			isa = PBXGroup;
			children = (
			);
			path = Widget;
			sourceTree = "<group>";
		};
		55F515911D5AC7700098CA7A /* Me */ = {
			isa = PBXGroup;
			children = (
				55F515921D5AC7700098CA7A /* Controller */,
				55F515951D5AC7700098CA7A /* View */,
				55F5159A1D5AC7700098CA7A /* Widget */,
			);
			path = Me;
			sourceTree = "<group>";
		};
		55F515921D5AC7700098CA7A /* Controller */ = {
			isa = PBXGroup;
			children = (
				55F515931D5AC7700098CA7A /* LHHMeViewController.h */,
				55F515941D5AC7700098CA7A /* LHHMeViewController.m */,
			);
			path = Controller;
			sourceTree = "<group>";
		};
		55F515951D5AC7700098CA7A /* View */ = {
			isa = PBXGroup;
			children = (
				55F515981D5AC7700098CA7A /* LHHMeHeaderCell.h */,
				55F515991D5AC7700098CA7A /* LHHMeHeaderCell.m */,
				55F515961D5AC7700098CA7A /* LHHMeCommonCell.h */,
				55F515971D5AC7700098CA7A /* LHHMeCommonCell.m */,
			);
			path = View;
			sourceTree = "<group>";
		};
		55F5159A1D5AC7700098CA7A /* Widget */ = {
			isa = PBXGroup;
			children = (
			);
			path = Widget;
			sourceTree = "<group>";
		};
		EE6E0660D22FDD5736AFB744 /* Pods */ = {
			isa = PBXGroup;
			children = (
				ACFC21F61AB6D3DC5EFC60DE /* Pods-WYPlatformoc.debug.xcconfig */,
				C4F3EBF552AA94C3D54ACDB7 /* Pods-WYPlatformoc.release.xcconfig */,
			);
			name = Pods;
			sourceTree = "<group>";
		};
/* End PBXGroup section */

/* Begin PBXNativeTarget section */
		55177D681C88130400C02910 /* WYPlatformoc */ = {
			isa = PBXNativeTarget;
			buildConfigurationList = 55177D8B1C88130500C02910 /* Build configuration list for PBXNativeTarget "WYPlatformoc" */;
			buildPhases = (
				9016A9BFAAA58E296BFE8B4D /* 📦 Check Pods Manifest.lock */,
				55177D651C88130400C02910 /* Sources */,
				55177D661C88130400C02910 /* Frameworks */,
				55177D671C88130400C02910 /* Resources */,
				E43686731EF26A5402962F62 /* 📦 Embed Pods Frameworks */,
				4F178B45DFDCCC509D42992A /* 📦 Copy Pods Resources */,
			);
			buildRules = (
			);
			dependencies = (
			);
			name = WYPlatformoc;
			productName = WYPlatformoc;
			productReference = 55177D691C88130400C02910 /* WYPlatformoc.app */;
			productType = "com.apple.product-type.application";
		};
		55177D811C88130500C02910 /* WYPlatformocTests */ = {
			isa = PBXNativeTarget;
			buildConfigurationList = 55177D8E1C88130500C02910 /* Build configuration list for PBXNativeTarget "WYPlatformocTests" */;
			buildPhases = (
				55177D7E1C88130500C02910 /* Sources */,
				55177D7F1C88130500C02910 /* Frameworks */,
				55177D801C88130500C02910 /* Resources */,
			);
			buildRules = (
			);
			dependencies = (
				55177D841C88130500C02910 /* PBXTargetDependency */,
			);
			name = WYPlatformocTests;
			productName = WYPlatformocTests;
			productReference = 55177D821C88130500C02910 /* WYPlatformocTests.xctest */;
			productType = "com.apple.product-type.bundle.unit-test";
		};
/* End PBXNativeTarget section */

/* Begin PBXProject section */
		55177D611C88130400C02910 /* Project object */ = {
			isa = PBXProject;
			attributes = {
				CLASSPREFIX = LHH;
				LastUpgradeCheck = 0720;
				ORGANIZATIONNAME = seaphy;
				TargetAttributes = {
					55177D681C88130400C02910 = {
						CreatedOnToolsVersion = 7.2.1;
						DevelopmentTeam = N6NA53R7EH;
					};
					55177D811C88130500C02910 = {
						CreatedOnToolsVersion = 7.2.1;
						DevelopmentTeam = N6NA53R7EH;
						TestTargetID = 55177D681C88130400C02910;
					};
				};
			};
			buildConfigurationList = 55177D641C88130400C02910 /* Build configuration list for PBXProject "WYPlatformoc" */;
			compatibilityVersion = "Xcode 3.2";
			developmentRegion = English;
			hasScannedForEncodings = 0;
			knownRegions = (
				en,
				Base,
			);
			mainGroup = 55177D601C88130400C02910;
			productRefGroup = 55177D6A1C88130400C02910 /* Products */;
			projectDirPath = "";
			projectRoot = "";
			targets = (
				55177D681C88130400C02910 /* WYPlatformoc */,
				55177D811C88130500C02910 /* WYPlatformocTests */,
			);
		};
/* End PBXProject section */

/* Begin PBXResourcesBuildPhase section */
		55177D671C88130400C02910 /* Resources */ = {
			isa = PBXResourcesBuildPhase;
			buildActionMask = 2147483647;
			files = (
				55177DA31C88137D00C02910 /* Default@2x.png in Resources */,
				553E57DB1C99159F00AB74B6 /* InfoPlist.strings in Resources */,
				55EBBFA51D4AFBE20014342C /* LHHLaunchViewController.xib in Resources */,
				55D584DF1C8975AE003138AF /* blank_Translucent_44@3x.png in Resources */,
				55D584DD1C8975AE003138AF /* blank_Translucent_44.png in Resources */,
				55177DA11C88137D00C02910 /* Default-568h@2x.png in Resources */,
				55D584DB1C8975AE003138AF /* blank_44@2x.png in Resources */,
				55D584DE1C8975AE003138AF /* blank_Translucent_44@2x.png in Resources */,
				55D584DA1C8975AE003138AF /* blank_44.png in Resources */,
				55177D791C88130500C02910 /* Assets.xcassets in Resources */,
				55177DA21C88137D00C02910 /* Default.png in Resources */,
				55D584DC1C8975AE003138AF /* blank_44@3x.png in Resources */,
			);
			runOnlyForDeploymentPostprocessing = 0;
		};
		55177D801C88130500C02910 /* Resources */ = {
			isa = PBXResourcesBuildPhase;
			buildActionMask = 2147483647;
			files = (
			);
			runOnlyForDeploymentPostprocessing = 0;
		};
/* End PBXResourcesBuildPhase section */

/* Begin PBXShellScriptBuildPhase section */
		4F178B45DFDCCC509D42992A /* 📦 Copy Pods Resources */ = {
			isa = PBXShellScriptBuildPhase;
			buildActionMask = 2147483647;
			files = (
			);
			inputPaths = (
			);
			name = "📦 Copy Pods Resources";
			outputPaths = (
			);
			runOnlyForDeploymentPostprocessing = 0;
			shellPath = /bin/sh;
			shellScript = "\"${SRCROOT}/Pods/Target Support Files/Pods-WYPlatformoc/Pods-WYPlatformoc-resources.sh\"\n";
			showEnvVarsInLog = 0;
		};
		9016A9BFAAA58E296BFE8B4D /* 📦 Check Pods Manifest.lock */ = {
			isa = PBXShellScriptBuildPhase;
			buildActionMask = 2147483647;
			files = (
			);
			inputPaths = (
			);
			name = "📦 Check Pods Manifest.lock";
			outputPaths = (
			);
			runOnlyForDeploymentPostprocessing = 0;
			shellPath = /bin/sh;
			shellScript = "diff \"${PODS_ROOT}/../Podfile.lock\" \"${PODS_ROOT}/Manifest.lock\" > /dev/null\nif [[ $? != 0 ]] ; then\n    cat << EOM\nerror: The sandbox is not in sync with the Podfile.lock. Run 'pod install' or update your CocoaPods installation.\nEOM\n    exit 1\nfi\n";
			showEnvVarsInLog = 0;
		};
		E43686731EF26A5402962F62 /* 📦 Embed Pods Frameworks */ = {
			isa = PBXShellScriptBuildPhase;
			buildActionMask = 2147483647;
			files = (
			);
			inputPaths = (
			);
			name = "📦 Embed Pods Frameworks";
			outputPaths = (
			);
			runOnlyForDeploymentPostprocessing = 0;
			shellPath = /bin/sh;
			shellScript = "\"${SRCROOT}/Pods/Target Support Files/Pods-WYPlatformoc/Pods-WYPlatformoc-frameworks.sh\"\n";
			showEnvVarsInLog = 0;
		};
/* End PBXShellScriptBuildPhase section */

/* Begin PBXSourcesBuildPhase section */
		55177D651C88130400C02910 /* Sources */ = {
			isa = PBXSourcesBuildPhase;
			buildActionMask = 2147483647;
			files = (
				55EBBFA41D4AFBE20014342C /* LHHLaunchViewController.m in Sources */,
				55F2CF5C1D4604B9007F06CA /* LHHBaseServiceSession.m in Sources */,
				55177D711C88130500C02910 /* LHHAppDelegate.m in Sources */,
				55F5159E1D5AC7700098CA7A /* LHHMeViewController.m in Sources */,
				55F2CF6A1D484F8B007F06CA /* LHHMainViewController.m in Sources */,
				55CE33841D48BACD000621F2 /* LHHBaseViewController.m in Sources */,
				55177D9E1C88137D00C02910 /* LHHLoginTableViewCell.m in Sources */,
				55CE336B1D489EC7000621F2 /* UIDevice+UIDeviceExt.m in Sources */,
				55F5159F1D5AC7700098CA7A /* LHHMeCommonCell.m in Sources */,
				55CE33851D48BACD000621F2 /* LHHActionSheet.m in Sources */,
				55F2CF621D4760F2007F06CA /* LHHLoginSession.m in Sources */,
				55C77F501C8D503800623D74 /* LHHRegistTableViewCell.m in Sources */,
				55F515A01D5AC7700098CA7A /* LHHMeHeaderCell.m in Sources */,
				55EBBFA81D4B5AAB0014342C /* LHHReachability.m in Sources */,
				55F5159C1D5AC7700098CA7A /* LHHContactsViewController.m in Sources */,
				55CE338A1D48BB1F000621F2 /* LHHTabBarItem.m in Sources */,
				55CE338D1D48C009000621F2 /* LHHTabBarViewController.m in Sources */,
				55F5159D1D5AC7700098CA7A /* LHHDiscoverViewController.m in Sources */,
				55CE33861D48BACD000621F2 /* LHHAlertView.m in Sources */,
				55CE336A1D489EC7000621F2 /* LHHAdaptiveManager.m in Sources */,
				55177D9F1C88137D00C02910 /* LHHLoginViewController.m in Sources */,
				55CE33771D48A4A3000621F2 /* LHHUser.m in Sources */,
				55CE33781D48A4A3000621F2 /* LHHUserManager.m in Sources */,
				55C77F4A1C8D209000623D74 /* LHHRegistViewController.m in Sources */,
				55CE33871D48BACD000621F2 /* LHHBarButtonItem.m in Sources */,
				55F2CF5F1D4604FA007F06CA /* LHHRegistSession.m in Sources */,
				55F5159B1D5AC7700098CA7A /* LHHChatsViewController.m in Sources */,
				55177D6E1C88130500C02910 /* main.m in Sources */,
				55EBBFBA1D5211910014342C /* LHHUserPreferences.m in Sources */,
			);
			runOnlyForDeploymentPostprocessing = 0;
		};
		55177D7E1C88130500C02910 /* Sources */ = {
			isa = PBXSourcesBuildPhase;
			buildActionMask = 2147483647;
			files = (
				55177D871C88130500C02910 /* WYPlatformocTests.m in Sources */,
			);
			runOnlyForDeploymentPostprocessing = 0;
		};
/* End PBXSourcesBuildPhase section */

/* Begin PBXTargetDependency section */
		55177D841C88130500C02910 /* PBXTargetDependency */ = {
			isa = PBXTargetDependency;
			target = 55177D681C88130400C02910 /* WYPlatformoc */;
			targetProxy = 55177D831C88130500C02910 /* PBXContainerItemProxy */;
		};
/* End PBXTargetDependency section */

/* Begin XCBuildConfiguration section */
		55177D891C88130500C02910 /* Debug */ = {
			isa = XCBuildConfiguration;
			buildSettings = {
				ALWAYS_SEARCH_USER_PATHS = NO;
				CLANG_ALLOW_NON_MODULAR_INCLUDES_IN_FRAMEWORK_MODULES = NO;
				CLANG_CXX_LANGUAGE_STANDARD = "gnu++0x";
				CLANG_CXX_LIBRARY = "libc++";
				CLANG_ENABLE_MODULES = YES;
				CLANG_ENABLE_OBJC_ARC = YES;
				CLANG_WARN_BOOL_CONVERSION = YES;
				CLANG_WARN_CONSTANT_CONVERSION = YES;
				CLANG_WARN_DIRECT_OBJC_ISA_USAGE = YES_ERROR;
				CLANG_WARN_EMPTY_BODY = YES;
				CLANG_WARN_ENUM_CONVERSION = YES;
				CLANG_WARN_INT_CONVERSION = YES;
				CLANG_WARN_OBJC_ROOT_CLASS = YES_ERROR;
				CLANG_WARN_UNREACHABLE_CODE = YES;
				CLANG_WARN__DUPLICATE_METHOD_MATCH = YES;
				"CODE_SIGN_IDENTITY[sdk=iphoneos*]" = "iPhone Developer";
				COPY_PHASE_STRIP = NO;
				DEBUG_INFORMATION_FORMAT = dwarf;
				ENABLE_STRICT_OBJC_MSGSEND = YES;
				ENABLE_TESTABILITY = YES;
				GCC_C_LANGUAGE_STANDARD = gnu99;
				GCC_DYNAMIC_NO_PIC = NO;
				GCC_NO_COMMON_BLOCKS = YES;
				GCC_OPTIMIZATION_LEVEL = 0;
				GCC_PREPROCESSOR_DEFINITIONS = (
					"DEBUG=1",
					"$(inherited)",
				);
				GCC_WARN_64_TO_32_BIT_CONVERSION = YES;
				GCC_WARN_ABOUT_RETURN_TYPE = YES_ERROR;
				GCC_WARN_UNDECLARED_SELECTOR = YES;
				GCC_WARN_UNINITIALIZED_AUTOS = YES_AGGRESSIVE;
				GCC_WARN_UNUSED_FUNCTION = YES;
				GCC_WARN_UNUSED_VARIABLE = YES;
				IPHONEOS_DEPLOYMENT_TARGET = 7.0;
				MTL_ENABLE_DEBUG_INFO = YES;
				ONLY_ACTIVE_ARCH = YES;
				SDKROOT = iphoneos;
			};
			name = Debug;
		};
		55177D8A1C88130500C02910 /* Release */ = {
			isa = XCBuildConfiguration;
			buildSettings = {
				ALWAYS_SEARCH_USER_PATHS = NO;
				CLANG_ALLOW_NON_MODULAR_INCLUDES_IN_FRAMEWORK_MODULES = NO;
				CLANG_CXX_LANGUAGE_STANDARD = "gnu++0x";
				CLANG_CXX_LIBRARY = "libc++";
				CLANG_ENABLE_MODULES = YES;
				CLANG_ENABLE_OBJC_ARC = YES;
				CLANG_WARN_BOOL_CONVERSION = YES;
				CLANG_WARN_CONSTANT_CONVERSION = YES;
				CLANG_WARN_DIRECT_OBJC_ISA_USAGE = YES_ERROR;
				CLANG_WARN_EMPTY_BODY = YES;
				CLANG_WARN_ENUM_CONVERSION = YES;
				CLANG_WARN_INT_CONVERSION = YES;
				CLANG_WARN_OBJC_ROOT_CLASS = YES_ERROR;
				CLANG_WARN_UNREACHABLE_CODE = YES;
				CLANG_WARN__DUPLICATE_METHOD_MATCH = YES;
				"CODE_SIGN_IDENTITY[sdk=iphoneos*]" = "iPhone Developer";
				COPY_PHASE_STRIP = NO;
				DEBUG_INFORMATION_FORMAT = "dwarf-with-dsym";
				ENABLE_NS_ASSERTIONS = NO;
				ENABLE_STRICT_OBJC_MSGSEND = YES;
				GCC_C_LANGUAGE_STANDARD = gnu99;
				GCC_NO_COMMON_BLOCKS = YES;
				GCC_WARN_64_TO_32_BIT_CONVERSION = YES;
				GCC_WARN_ABOUT_RETURN_TYPE = YES_ERROR;
				GCC_WARN_UNDECLARED_SELECTOR = YES;
				GCC_WARN_UNINITIALIZED_AUTOS = YES_AGGRESSIVE;
				GCC_WARN_UNUSED_FUNCTION = YES;
				GCC_WARN_UNUSED_VARIABLE = YES;
				IPHONEOS_DEPLOYMENT_TARGET = 7.0;
				MTL_ENABLE_DEBUG_INFO = NO;
				SDKROOT = iphoneos;
				VALIDATE_PRODUCT = YES;
			};
			name = Release;
		};
		55177D8C1C88130500C02910 /* Debug */ = {
			isa = XCBuildConfiguration;
			baseConfigurationReference = ACFC21F61AB6D3DC5EFC60DE /* Pods-WYPlatformoc.debug.xcconfig */;
			buildSettings = {
				ASSETCATALOG_COMPILER_APPICON_NAME = AppIcon;
				ASSETCATALOG_COMPILER_LAUNCHIMAGE_NAME = LaunchImage;
				CLANG_ALLOW_NON_MODULAR_INCLUDES_IN_FRAMEWORK_MODULES = YES;
				CODE_SIGN_IDENTITY = "iPhone Developer";
				"CODE_SIGN_IDENTITY[sdk=iphoneos*]" = "iPhone Developer";
				GCC_PRECOMPILE_PREFIX_HEADER = YES;
				GCC_PREFIX_HEADER = WYPlatformoc/WYPlatformocPrefix.pch;
				INFOPLIST_FILE = WYPlatformoc/Info.plist;
				IPHONEOS_DEPLOYMENT_TARGET = 8.0;
				LD_RUNPATH_SEARCH_PATHS = "$(inherited) @executable_path/Frameworks";
				PRODUCT_BUNDLE_IDENTIFIER = com.seaphy.WYPlatformoc;
				PRODUCT_NAME = "$(TARGET_NAME)";
				PROVISIONING_PROFILE = "";
			};
			name = Debug;
		};
		55177D8D1C88130500C02910 /* Release */ = {
			isa = XCBuildConfiguration;
			baseConfigurationReference = C4F3EBF552AA94C3D54ACDB7 /* Pods-WYPlatformoc.release.xcconfig */;
			buildSettings = {
				ASSETCATALOG_COMPILER_APPICON_NAME = AppIcon;
				ASSETCATALOG_COMPILER_LAUNCHIMAGE_NAME = LaunchImage;
				CLANG_ALLOW_NON_MODULAR_INCLUDES_IN_FRAMEWORK_MODULES = YES;
				CODE_SIGN_IDENTITY = "iPhone Developer";
				"CODE_SIGN_IDENTITY[sdk=iphoneos*]" = "iPhone Developer";
				GCC_PRECOMPILE_PREFIX_HEADER = YES;
				GCC_PREFIX_HEADER = WYPlatformoc/WYPlatformocPrefix.pch;
				INFOPLIST_FILE = WYPlatformoc/Info.plist;
				IPHONEOS_DEPLOYMENT_TARGET = 8.0;
				LD_RUNPATH_SEARCH_PATHS = "$(inherited) @executable_path/Frameworks";
				PRODUCT_BUNDLE_IDENTIFIER = com.seaphy.WYPlatformoc;
				PRODUCT_NAME = "$(TARGET_NAME)";
				PROVISIONING_PROFILE = "";
			};
			name = Release;
		};
		55177D8F1C88130500C02910 /* Debug */ = {
			isa = XCBuildConfiguration;
			buildSettings = {
				BUNDLE_LOADER = "$(TEST_HOST)";
				INFOPLIST_FILE = WYPlatformocTests/Info.plist;
				LD_RUNPATH_SEARCH_PATHS = "$(inherited) @executable_path/Frameworks @loader_path/Frameworks";
				PRODUCT_BUNDLE_IDENTIFIER = com.seaphy.WYPlatformocTests;
				PRODUCT_NAME = "$(TARGET_NAME)";
				TEST_HOST = "$(BUILT_PRODUCTS_DIR)/WYPlatformoc.app/WYPlatformoc";
			};
			name = Debug;
		};
		55177D901C88130500C02910 /* Release */ = {
			isa = XCBuildConfiguration;
			buildSettings = {
				BUNDLE_LOADER = "$(TEST_HOST)";
				INFOPLIST_FILE = WYPlatformocTests/Info.plist;
				LD_RUNPATH_SEARCH_PATHS = "$(inherited) @executable_path/Frameworks @loader_path/Frameworks";
				PRODUCT_BUNDLE_IDENTIFIER = com.seaphy.WYPlatformocTests;
				PRODUCT_NAME = "$(TARGET_NAME)";
				TEST_HOST = "$(BUILT_PRODUCTS_DIR)/WYPlatformoc.app/WYPlatformoc";
			};
			name = Release;
		};
/* End XCBuildConfiguration section */

/* Begin XCConfigurationList section */
		55177D641C88130400C02910 /* Build configuration list for PBXProject "WYPlatformoc" */ = {
			isa = XCConfigurationList;
			buildConfigurations = (
				55177D891C88130500C02910 /* Debug */,
				55177D8A1C88130500C02910 /* Release */,
			);
			defaultConfigurationIsVisible = 0;
			defaultConfigurationName = Release;
		};
		55177D8B1C88130500C02910 /* Build configuration list for PBXNativeTarget "WYPlatformoc" */ = {
			isa = XCConfigurationList;
			buildConfigurations = (
				55177D8C1C88130500C02910 /* Debug */,
				55177D8D1C88130500C02910 /* Release */,
			);
			defaultConfigurationIsVisible = 0;
			defaultConfigurationName = Release;
		};
		55177D8E1C88130500C02910 /* Build configuration list for PBXNativeTarget "WYPlatformocTests" */ = {
			isa = XCConfigurationList;
			buildConfigurations = (
				55177D8F1C88130500C02910 /* Debug */,
				55177D901C88130500C02910 /* Release */,
			);
			defaultConfigurationIsVisible = 0;
			defaultConfigurationName = Release;
		};
/* End XCConfigurationList section */
	};
	rootObject = 55177D611C88130400C02910 /* Project object */;
}
