// !$*UTF8*$!
{
	archiveVersion = 1;
	classes = {
	};
	objectVersion = 46;
	objects = {

/* Begin PBXBuildFile section */
		55177D6E1C88130500C02910 /* main.m in Sources */ = {isa = PBXBuildFile; fileRef = 55177D6D1C88130500C02910 /* main.m */; };
		55177D711C88130500C02910 /* AppDelegate.m in Sources */ = {isa = PBXBuildFile; fileRef = 55177D701C88130500C02910 /* AppDelegate.m */; };
		55177D771C88130500C02910 /* Main.storyboard in Resources */ = {isa = PBXBuildFile; fileRef = 55177D751C88130500C02910 /* Main.storyboard */; };
		55177D791C88130500C02910 /* Assets.xcassets in Resources */ = {isa = PBXBuildFile; fileRef = 55177D781C88130500C02910 /* Assets.xcassets */; };
		55177D7C1C88130500C02910 /* LaunchScreen.storyboard in Resources */ = {isa = PBXBuildFile; fileRef = 55177D7A1C88130500C02910 /* LaunchScreen.storyboard */; };
		55177D871C88130500C02910 /* WYPlatformocTests.m in Sources */ = {isa = PBXBuildFile; fileRef = 55177D861C88130500C02910 /* WYPlatformocTests.m */; };
		55177D9E1C88137D00C02910 /* LHHLoginTableViewCell.m in Sources */ = {isa = PBXBuildFile; fileRef = 55177D951C88137D00C02910 /* LHHLoginTableViewCell.m */; };
		55177D9F1C88137D00C02910 /* LHHLoginViewController.m in Sources */ = {isa = PBXBuildFile; fileRef = 55177D971C88137D00C02910 /* LHHLoginViewController.m */; };
		55177DA01C88137D00C02910 /* LHHMainViewController.m in Sources */ = {isa = PBXBuildFile; fileRef = 55177D991C88137D00C02910 /* LHHMainViewController.m */; };
		55177DA11C88137D00C02910 /* Default-568h@2x.png in Resources */ = {isa = PBXBuildFile; fileRef = 55177D9B1C88137D00C02910 /* Default-568h@2x.png */; };
		55177DA21C88137D00C02910 /* Default.png in Resources */ = {isa = PBXBuildFile; fileRef = 55177D9C1C88137D00C02910 /* Default.png */; };
		55177DA31C88137D00C02910 /* Default@2x.png in Resources */ = {isa = PBXBuildFile; fileRef = 55177D9D1C88137D00C02910 /* Default@2x.png */; };
		5539F7E21C8E6E61007C808A /* LHHAlertView.m in Sources */ = {isa = PBXBuildFile; fileRef = 5539F7E11C8E6E61007C808A /* LHHAlertView.m */; };
		5539F7E61C8EAD59007C808A /* LHHUserManager.m in Sources */ = {isa = PBXBuildFile; fileRef = 5539F7E51C8EAD59007C808A /* LHHUserManager.m */; };
		5539F7E91C8EB134007C808A /* LHHUser.m in Sources */ = {isa = PBXBuildFile; fileRef = 5539F7E81C8EB134007C808A /* LHHUser.m */; };
		55C77F4A1C8D209000623D74 /* LHHRegistViewController.m in Sources */ = {isa = PBXBuildFile; fileRef = 55C77F491C8D209000623D74 /* LHHRegistViewController.m */; };
		55C77F4D1C8D263400623D74 /* LHHBarButtonItem.m in Sources */ = {isa = PBXBuildFile; fileRef = 55C77F4C1C8D263400623D74 /* LHHBarButtonItem.m */; };
		55C77F501C8D503800623D74 /* LHHRegistTableViewCell.m in Sources */ = {isa = PBXBuildFile; fileRef = 55C77F4F1C8D503800623D74 /* LHHRegistTableViewCell.m */; };
		55D584DA1C8975AE003138AF /* blank_44.png in Resources */ = {isa = PBXBuildFile; fileRef = 55D584D41C8975AE003138AF /* blank_44.png */; };
		55D584DB1C8975AE003138AF /* blank_44@2x.png in Resources */ = {isa = PBXBuildFile; fileRef = 55D584D51C8975AE003138AF /* blank_44@2x.png */; };
		55D584DC1C8975AE003138AF /* blank_44@3x.png in Resources */ = {isa = PBXBuildFile; fileRef = 55D584D61C8975AE003138AF /* blank_44@3x.png */; };
		55D584DD1C8975AE003138AF /* blank_Translucent_44.png in Resources */ = {isa = PBXBuildFile; fileRef = 55D584D71C8975AE003138AF /* blank_Translucent_44.png */; };
		55D584DE1C8975AE003138AF /* blank_Translucent_44@2x.png in Resources */ = {isa = PBXBuildFile; fileRef = 55D584D81C8975AE003138AF /* blank_Translucent_44@2x.png */; };
		55D584DF1C8975AE003138AF /* blank_Translucent_44@3x.png in Resources */ = {isa = PBXBuildFile; fileRef = 55D584D91C8975AE003138AF /* blank_Translucent_44@3x.png */; };
		55D584E41C898EA7003138AF /* LHHBaseViewController.m in Sources */ = {isa = PBXBuildFile; fileRef = 55D584E21C898EA7003138AF /* LHHBaseViewController.m */; };
		55D584E71C898EF0003138AF /* LHHActionSheet.m in Sources */ = {isa = PBXBuildFile; fileRef = 55D584E61C898EF0003138AF /* LHHActionSheet.m */; };
		ABF243A4A658A8B807025007 /* libPods-WYPlatformoc.a in Frameworks */ = {isa = PBXBuildFile; fileRef = 9856103711FA68ED91FC8345 /* libPods-WYPlatformoc.a */; };
/* End PBXBuildFile section */

/* Begin PBXContainerItemProxy section */
		55177D831C88130500C02910 /* PBXContainerItemProxy */ = {
			isa = PBXContainerItemProxy;
			containerPortal = 55177D611C88130400C02910 /* Project object */;
			proxyType = 1;
			remoteGlobalIDString = 55177D681C88130400C02910;
			remoteInfo = WYPlatformoc;
		};
/* End PBXContainerItemProxy section */

/* Begin PBXFileReference section */
		3A39305CDA1318445EE7F8DF /* Pods-WYPlatformoc.release.xcconfig */ = {isa = PBXFileReference; includeInIndex = 1; lastKnownFileType = text.xcconfig; name = "Pods-WYPlatformoc.release.xcconfig"; path = "Pods/Target Support Files/Pods-WYPlatformoc/Pods-WYPlatformoc.release.xcconfig"; sourceTree = "<group>"; };
		55177D691C88130400C02910 /* WYPlatformoc.app */ = {isa = PBXFileReference; explicitFileType = wrapper.application; includeInIndex = 0; path = WYPlatformoc.app; sourceTree = BUILT_PRODUCTS_DIR; };
		55177D6D1C88130500C02910 /* main.m */ = {isa = PBXFileReference; lastKnownFileType = sourcecode.c.objc; path = main.m; sourceTree = "<group>"; };
		55177D6F1C88130500C02910 /* AppDelegate.h */ = {isa = PBXFileReference; lastKnownFileType = sourcecode.c.h; path = AppDelegate.h; sourceTree = "<group>"; };
		55177D701C88130500C02910 /* AppDelegate.m */ = {isa = PBXFileReference; lastKnownFileType = sourcecode.c.objc; path = AppDelegate.m; sourceTree = "<group>"; };
		55177D761C88130500C02910 /* Base */ = {isa = PBXFileReference; lastKnownFileType = file.storyboard; name = Base; path = Base.lproj/Main.storyboard; sourceTree = "<group>"; };
		55177D781C88130500C02910 /* Assets.xcassets */ = {isa = PBXFileReference; lastKnownFileType = folder.assetcatalog; path = Assets.xcassets; sourceTree = "<group>"; };
		55177D7B1C88130500C02910 /* Base */ = {isa = PBXFileReference; lastKnownFileType = file.storyboard; name = Base; path = Base.lproj/LaunchScreen.storyboard; sourceTree = "<group>"; };
		55177D7D1C88130500C02910 /* Info.plist */ = {isa = PBXFileReference; lastKnownFileType = text.plist.xml; path = Info.plist; sourceTree = "<group>"; };
		55177D821C88130500C02910 /* WYPlatformocTests.xctest */ = {isa = PBXFileReference; explicitFileType = wrapper.cfbundle; includeInIndex = 0; path = WYPlatformocTests.xctest; sourceTree = BUILT_PRODUCTS_DIR; };
		55177D861C88130500C02910 /* WYPlatformocTests.m */ = {isa = PBXFileReference; lastKnownFileType = sourcecode.c.objc; path = WYPlatformocTests.m; sourceTree = "<group>"; };
		55177D881C88130500C02910 /* Info.plist */ = {isa = PBXFileReference; lastKnownFileType = text.plist.xml; path = Info.plist; sourceTree = "<group>"; };
		55177D941C88137D00C02910 /* LHHLoginTableViewCell.h */ = {isa = PBXFileReference; fileEncoding = 4; lastKnownFileType = sourcecode.c.h; path = LHHLoginTableViewCell.h; sourceTree = "<group>"; };
		55177D951C88137D00C02910 /* LHHLoginTableViewCell.m */ = {isa = PBXFileReference; fileEncoding = 4; lastKnownFileType = sourcecode.c.objc; path = LHHLoginTableViewCell.m; sourceTree = "<group>"; };
		55177D961C88137D00C02910 /* LHHLoginViewController.h */ = {isa = PBXFileReference; fileEncoding = 4; lastKnownFileType = sourcecode.c.h; path = LHHLoginViewController.h; sourceTree = "<group>"; };
		55177D971C88137D00C02910 /* LHHLoginViewController.m */ = {isa = PBXFileReference; fileEncoding = 4; lastKnownFileType = sourcecode.c.objc; path = LHHLoginViewController.m; sourceTree = "<group>"; };
		55177D981C88137D00C02910 /* LHHMainViewController.h */ = {isa = PBXFileReference; fileEncoding = 4; lastKnownFileType = sourcecode.c.h; path = LHHMainViewController.h; sourceTree = "<group>"; };
		55177D991C88137D00C02910 /* LHHMainViewController.m */ = {isa = PBXFileReference; fileEncoding = 4; lastKnownFileType = sourcecode.c.objc; path = LHHMainViewController.m; sourceTree = "<group>"; };
		55177D9B1C88137D00C02910 /* Default-568h@2x.png */ = {isa = PBXFileReference; lastKnownFileType = image.png; path = "Default-568h@2x.png"; sourceTree = "<group>"; };
		55177D9C1C88137D00C02910 /* Default.png */ = {isa = PBXFileReference; lastKnownFileType = image.png; path = Default.png; sourceTree = "<group>"; };
		55177D9D1C88137D00C02910 /* Default@2x.png */ = {isa = PBXFileReference; lastKnownFileType = image.png; path = "Default@2x.png"; sourceTree = "<group>"; };
		55177DA51C88205A00C02910 /* LHHCommonDefines.h */ = {isa = PBXFileReference; fileEncoding = 4; lastKnownFileType = sourcecode.c.h; path = LHHCommonDefines.h; sourceTree = "<group>"; };
		55177DA61C88207C00C02910 /* LHHCommonColors.h */ = {isa = PBXFileReference; lastKnownFileType = sourcecode.c.h; path = LHHCommonColors.h; sourceTree = "<group>"; };
		5539F7E01C8E6E61007C808A /* LHHAlertView.h */ = {isa = PBXFileReference; fileEncoding = 4; lastKnownFileType = sourcecode.c.h; path = LHHAlertView.h; sourceTree = "<group>"; };
		5539F7E11C8E6E61007C808A /* LHHAlertView.m */ = {isa = PBXFileReference; fileEncoding = 4; lastKnownFileType = sourcecode.c.objc; path = LHHAlertView.m; sourceTree = "<group>"; };
		5539F7E41C8EAD59007C808A /* LHHUserManager.h */ = {isa = PBXFileReference; fileEncoding = 4; lastKnownFileType = sourcecode.c.h; path = LHHUserManager.h; sourceTree = "<group>"; };
		5539F7E51C8EAD59007C808A /* LHHUserManager.m */ = {isa = PBXFileReference; fileEncoding = 4; lastKnownFileType = sourcecode.c.objc; path = LHHUserManager.m; sourceTree = "<group>"; };
		5539F7E71C8EB134007C808A /* LHHUser.h */ = {isa = PBXFileReference; fileEncoding = 4; lastKnownFileType = sourcecode.c.h; path = LHHUser.h; sourceTree = "<group>"; };
		5539F7E81C8EB134007C808A /* LHHUser.m */ = {isa = PBXFileReference; fileEncoding = 4; lastKnownFileType = sourcecode.c.objc; path = LHHUser.m; sourceTree = "<group>"; };
		55C77F481C8D209000623D74 /* LHHRegistViewController.h */ = {isa = PBXFileReference; fileEncoding = 4; lastKnownFileType = sourcecode.c.h; path = LHHRegistViewController.h; sourceTree = "<group>"; };
		55C77F491C8D209000623D74 /* LHHRegistViewController.m */ = {isa = PBXFileReference; fileEncoding = 4; lastKnownFileType = sourcecode.c.objc; path = LHHRegistViewController.m; sourceTree = "<group>"; };
		55C77F4B1C8D263400623D74 /* LHHBarButtonItem.h */ = {isa = PBXFileReference; fileEncoding = 4; lastKnownFileType = sourcecode.c.h; path = LHHBarButtonItem.h; sourceTree = "<group>"; };
		55C77F4C1C8D263400623D74 /* LHHBarButtonItem.m */ = {isa = PBXFileReference; fileEncoding = 4; lastKnownFileType = sourcecode.c.objc; path = LHHBarButtonItem.m; sourceTree = "<group>"; };
		55C77F4E1C8D503800623D74 /* LHHRegistTableViewCell.h */ = {isa = PBXFileReference; fileEncoding = 4; lastKnownFileType = sourcecode.c.h; path = LHHRegistTableViewCell.h; sourceTree = "<group>"; };
		55C77F4F1C8D503800623D74 /* LHHRegistTableViewCell.m */ = {isa = PBXFileReference; fileEncoding = 4; lastKnownFileType = sourcecode.c.objc; path = LHHRegistTableViewCell.m; sourceTree = "<group>"; };
		55C77F511C8D825600623D74 /* WYPlatformocPrefix.pch */ = {isa = PBXFileReference; lastKnownFileType = sourcecode.c.h; path = WYPlatformocPrefix.pch; sourceTree = "<group>"; };
		55D584D41C8975AE003138AF /* blank_44.png */ = {isa = PBXFileReference; lastKnownFileType = image.png; path = blank_44.png; sourceTree = "<group>"; };
		55D584D51C8975AE003138AF /* blank_44@2x.png */ = {isa = PBXFileReference; lastKnownFileType = image.png; path = "blank_44@2x.png"; sourceTree = "<group>"; };
		55D584D61C8975AE003138AF /* blank_44@3x.png */ = {isa = PBXFileReference; lastKnownFileType = image.png; path = "blank_44@3x.png"; sourceTree = "<group>"; };
		55D584D71C8975AE003138AF /* blank_Translucent_44.png */ = {isa = PBXFileReference; lastKnownFileType = image.png; path = blank_Translucent_44.png; sourceTree = "<group>"; };
		55D584D81C8975AE003138AF /* blank_Translucent_44@2x.png */ = {isa = PBXFileReference; lastKnownFileType = image.png; path = "blank_Translucent_44@2x.png"; sourceTree = "<group>"; };
		55D584D91C8975AE003138AF /* blank_Translucent_44@3x.png */ = {isa = PBXFileReference; lastKnownFileType = image.png; path = "blank_Translucent_44@3x.png"; sourceTree = "<group>"; };
		55D584E11C898EA7003138AF /* LHHBaseViewController.h */ = {isa = PBXFileReference; fileEncoding = 4; lastKnownFileType = sourcecode.c.h; path = LHHBaseViewController.h; sourceTree = "<group>"; };
		55D584E21C898EA7003138AF /* LHHBaseViewController.m */ = {isa = PBXFileReference; fileEncoding = 4; lastKnownFileType = sourcecode.c.objc; path = LHHBaseViewController.m; sourceTree = "<group>"; };
		55D584E51C898EF0003138AF /* LHHActionSheet.h */ = {isa = PBXFileReference; fileEncoding = 4; lastKnownFileType = sourcecode.c.h; path = LHHActionSheet.h; sourceTree = "<group>"; };
		55D584E61C898EF0003138AF /* LHHActionSheet.m */ = {isa = PBXFileReference; fileEncoding = 4; lastKnownFileType = sourcecode.c.objc; path = LHHActionSheet.m; sourceTree = "<group>"; };
		9856103711FA68ED91FC8345 /* libPods-WYPlatformoc.a */ = {isa = PBXFileReference; explicitFileType = archive.ar; includeInIndex = 0; path = "libPods-WYPlatformoc.a"; sourceTree = BUILT_PRODUCTS_DIR; };
		FB0969D981605CCB1A4443E8 /* Pods-WYPlatformoc.debug.xcconfig */ = {isa = PBXFileReference; includeInIndex = 1; lastKnownFileType = text.xcconfig; name = "Pods-WYPlatformoc.debug.xcconfig"; path = "Pods/Target Support Files/Pods-WYPlatformoc/Pods-WYPlatformoc.debug.xcconfig"; sourceTree = "<group>"; };
/* End PBXFileReference section */

/* Begin PBXFrameworksBuildPhase section */
		55177D661C88130400C02910 /* Frameworks */ = {
			isa = PBXFrameworksBuildPhase;
			buildActionMask = 2147483647;
			files = (
				ABF243A4A658A8B807025007 /* libPods-WYPlatformoc.a in Frameworks */,
			);
			runOnlyForDeploymentPostprocessing = 0;
		};
		55177D7F1C88130500C02910 /* Frameworks */ = {
			isa = PBXFrameworksBuildPhase;
			buildActionMask = 2147483647;
			files = (
			);
			runOnlyForDeploymentPostprocessing = 0;
		};
/* End PBXFrameworksBuildPhase section */

/* Begin PBXGroup section */
		4FFD736167561395F97F4D84 /* Pods */ = {
			isa = PBXGroup;
			children = (
				FB0969D981605CCB1A4443E8 /* Pods-WYPlatformoc.debug.xcconfig */,
				3A39305CDA1318445EE7F8DF /* Pods-WYPlatformoc.release.xcconfig */,
			);
			name = Pods;
			sourceTree = "<group>";
		};
		55177D601C88130400C02910 = {
			isa = PBXGroup;
			children = (
				55177D6B1C88130500C02910 /* WYPlatformoc */,
				55177D851C88130500C02910 /* WYPlatformocTests */,
				55177D6A1C88130400C02910 /* Products */,
				4FFD736167561395F97F4D84 /* Pods */,
				B75681826F916AD471DFB825 /* Frameworks */,
			);
			sourceTree = "<group>";
		};
		55177D6A1C88130400C02910 /* Products */ = {
			isa = PBXGroup;
			children = (
				55177D691C88130400C02910 /* WYPlatformoc.app */,
				55177D821C88130500C02910 /* WYPlatformocTests.xctest */,
			);
			name = Products;
			sourceTree = "<group>";
		};
		55177D6B1C88130500C02910 /* WYPlatformoc */ = {
			isa = PBXGroup;
			children = (
				55D584CA1C8968FA003138AF /* LHHBase */,
				55177DA41C88205A00C02910 /* LHHCommon */,
				55177D931C88137D00C02910 /* LHHLogin */,
				55C77F471C8D206400623D74 /* LHHRegist */,
				5539F7E31C8EAD30007C808A /* LHHUser */,
				55177D6F1C88130500C02910 /* AppDelegate.h */,
				55177D701C88130500C02910 /* AppDelegate.m */,
				55177D981C88137D00C02910 /* LHHMainViewController.h */,
				55177D991C88137D00C02910 /* LHHMainViewController.m */,
				55177D751C88130500C02910 /* Main.storyboard */,
				55177D781C88130500C02910 /* Assets.xcassets */,
				55177D7A1C88130500C02910 /* LaunchScreen.storyboard */,
				55177D6C1C88130500C02910 /* Supporting Files */,
				55177D9A1C88137D00C02910 /* Resource */,
			);
			path = WYPlatformoc;
			sourceTree = "<group>";
		};
		55177D6C1C88130500C02910 /* Supporting Files */ = {
			isa = PBXGroup;
			children = (
				55177D7D1C88130500C02910 /* Info.plist */,
				55177D6D1C88130500C02910 /* main.m */,
				55C77F511C8D825600623D74 /* WYPlatformocPrefix.pch */,
			);
			name = "Supporting Files";
			sourceTree = "<group>";
		};
		55177D851C88130500C02910 /* WYPlatformocTests */ = {
			isa = PBXGroup;
			children = (
				55177D861C88130500C02910 /* WYPlatformocTests.m */,
				55177D881C88130500C02910 /* Info.plist */,
			);
			path = WYPlatformocTests;
			sourceTree = "<group>";
		};
		55177D931C88137D00C02910 /* LHHLogin */ = {
			isa = PBXGroup;
			children = (
				55177D961C88137D00C02910 /* LHHLoginViewController.h */,
				55177D971C88137D00C02910 /* LHHLoginViewController.m */,
				55177D941C88137D00C02910 /* LHHLoginTableViewCell.h */,
				55177D951C88137D00C02910 /* LHHLoginTableViewCell.m */,
			);
			path = LHHLogin;
			sourceTree = "<group>";
		};
		55177D9A1C88137D00C02910 /* Resource */ = {
			isa = PBXGroup;
			children = (
				55D584D41C8975AE003138AF /* blank_44.png */,
				55D584D51C8975AE003138AF /* blank_44@2x.png */,
				55D584D61C8975AE003138AF /* blank_44@3x.png */,
				55D584D71C8975AE003138AF /* blank_Translucent_44.png */,
				55D584D81C8975AE003138AF /* blank_Translucent_44@2x.png */,
				55D584D91C8975AE003138AF /* blank_Translucent_44@3x.png */,
				55177D9B1C88137D00C02910 /* Default-568h@2x.png */,
				55177D9C1C88137D00C02910 /* Default.png */,
				55177D9D1C88137D00C02910 /* Default@2x.png */,
			);
			path = Resource;
			sourceTree = "<group>";
		};
		55177DA41C88205A00C02910 /* LHHCommon */ = {
			isa = PBXGroup;
			children = (
				55177DA51C88205A00C02910 /* LHHCommonDefines.h */,
				55177DA61C88207C00C02910 /* LHHCommonColors.h */,
			);
			path = LHHCommon;
			sourceTree = "<group>";
		};
		5539F7E31C8EAD30007C808A /* LHHUser */ = {
			isa = PBXGroup;
			children = (
				5539F7E71C8EB134007C808A /* LHHUser.h */,
				5539F7E81C8EB134007C808A /* LHHUser.m */,
				5539F7E41C8EAD59007C808A /* LHHUserManager.h */,
				5539F7E51C8EAD59007C808A /* LHHUserManager.m */,
			);
			path = LHHUser;
			sourceTree = "<group>";
		};
		55C77F471C8D206400623D74 /* LHHRegist */ = {
			isa = PBXGroup;
			children = (
				55C77F481C8D209000623D74 /* LHHRegistViewController.h */,
				55C77F491C8D209000623D74 /* LHHRegistViewController.m */,
				55C77F4E1C8D503800623D74 /* LHHRegistTableViewCell.h */,
				55C77F4F1C8D503800623D74 /* LHHRegistTableViewCell.m */,
			);
			path = LHHRegist;
			sourceTree = "<group>";
		};
		55D584CA1C8968FA003138AF /* LHHBase */ = {
			isa = PBXGroup;
			children = (
				55D584E01C898EA7003138AF /* LHHBaseControllers */,
				55D584E31C898EA7003138AF /* LHHBaseViews */,
			);
			path = LHHBase;
			sourceTree = "<group>";
		};
		55D584E01C898EA7003138AF /* LHHBaseControllers */ = {
			isa = PBXGroup;
			children = (
				55D584E11C898EA7003138AF /* LHHBaseViewController.h */,
				55D584E21C898EA7003138AF /* LHHBaseViewController.m */,
			);
			path = LHHBaseControllers;
			sourceTree = "<group>";
		};
		55D584E31C898EA7003138AF /* LHHBaseViews */ = {
			isa = PBXGroup;
			children = (
				55D584E51C898EF0003138AF /* LHHActionSheet.h */,
				55D584E61C898EF0003138AF /* LHHActionSheet.m */,
				55C77F4B1C8D263400623D74 /* LHHBarButtonItem.h */,
				55C77F4C1C8D263400623D74 /* LHHBarButtonItem.m */,
				5539F7E01C8E6E61007C808A /* LHHAlertView.h */,
				5539F7E11C8E6E61007C808A /* LHHAlertView.m */,
			);
			path = LHHBaseViews;
			sourceTree = "<group>";
		};
		B75681826F916AD471DFB825 /* Frameworks */ = {
			isa = PBXGroup;
			children = (
				9856103711FA68ED91FC8345 /* libPods-WYPlatformoc.a */,
			);
			name = Frameworks;
			sourceTree = "<group>";
		};
/* End PBXGroup section */

/* Begin PBXNativeTarget section */
		55177D681C88130400C02910 /* WYPlatformoc */ = {
			isa = PBXNativeTarget;
			buildConfigurationList = 55177D8B1C88130500C02910 /* Build configuration list for PBXNativeTarget "WYPlatformoc" */;
			buildPhases = (
				AD689B708A97812DBE5F6635 /* Check Pods Manifest.lock */,
				55177D651C88130400C02910 /* Sources */,
				55177D661C88130400C02910 /* Frameworks */,
				55177D671C88130400C02910 /* Resources */,
				ED272763744E46CFB2A47B4F /* Embed Pods Frameworks */,
				6A255B36A316F3DE5E4D6A67 /* Copy Pods Resources */,
			);
			buildRules = (
			);
			dependencies = (
			);
			name = WYPlatformoc;
			productName = WYPlatformoc;
			productReference = 55177D691C88130400C02910 /* WYPlatformoc.app */;
			productType = "com.apple.product-type.application";
		};
		55177D811C88130500C02910 /* WYPlatformocTests */ = {
			isa = PBXNativeTarget;
			buildConfigurationList = 55177D8E1C88130500C02910 /* Build configuration list for PBXNativeTarget "WYPlatformocTests" */;
			buildPhases = (
				55177D7E1C88130500C02910 /* Sources */,
				55177D7F1C88130500C02910 /* Frameworks */,
				55177D801C88130500C02910 /* Resources */,
			);
			buildRules = (
			);
			dependencies = (
				55177D841C88130500C02910 /* PBXTargetDependency */,
			);
			name = WYPlatformocTests;
			productName = WYPlatformocTests;
			productReference = 55177D821C88130500C02910 /* WYPlatformocTests.xctest */;
			productType = "com.apple.product-type.bundle.unit-test";
		};
/* End PBXNativeTarget section */

/* Begin PBXProject section */
		55177D611C88130400C02910 /* Project object */ = {
			isa = PBXProject;
			attributes = {
				LastUpgradeCheck = 0720;
				ORGANIZATIONNAME = seaphy;
				TargetAttributes = {
					55177D681C88130400C02910 = {
						CreatedOnToolsVersion = 7.2.1;
						DevelopmentTeam = N6NA53R7EH;
					};
					55177D811C88130500C02910 = {
						CreatedOnToolsVersion = 7.2.1;
						DevelopmentTeam = N6NA53R7EH;
						TestTargetID = 55177D681C88130400C02910;
					};
				};
			};
			buildConfigurationList = 55177D641C88130400C02910 /* Build configuration list for PBXProject "WYPlatformoc" */;
			compatibilityVersion = "Xcode 3.2";
			developmentRegion = English;
			hasScannedForEncodings = 0;
			knownRegions = (
				en,
				Base,
			);
			mainGroup = 55177D601C88130400C02910;
			productRefGroup = 55177D6A1C88130400C02910 /* Products */;
			projectDirPath = "";
			projectRoot = "";
			targets = (
				55177D681C88130400C02910 /* WYPlatformoc */,
				55177D811C88130500C02910 /* WYPlatformocTests */,
			);
		};
/* End PBXProject section */

/* Begin PBXResourcesBuildPhase section */
		55177D671C88130400C02910 /* Resources */ = {
			isa = PBXResourcesBuildPhase;
			buildActionMask = 2147483647;
			files = (
				55177DA31C88137D00C02910 /* Default@2x.png in Resources */,
				55177D7C1C88130500C02910 /* LaunchScreen.storyboard in Resources */,
				55D584DF1C8975AE003138AF /* blank_Translucent_44@3x.png in Resources */,
				55D584DD1C8975AE003138AF /* blank_Translucent_44.png in Resources */,
				55177DA11C88137D00C02910 /* Default-568h@2x.png in Resources */,
				55D584DB1C8975AE003138AF /* blank_44@2x.png in Resources */,
				55D584DE1C8975AE003138AF /* blank_Translucent_44@2x.png in Resources */,
				55D584DA1C8975AE003138AF /* blank_44.png in Resources */,
				55177D791C88130500C02910 /* Assets.xcassets in Resources */,
				55177D771C88130500C02910 /* Main.storyboard in Resources */,
				55177DA21C88137D00C02910 /* Default.png in Resources */,
				55D584DC1C8975AE003138AF /* blank_44@3x.png in Resources */,
			);
			runOnlyForDeploymentPostprocessing = 0;
		};
		55177D801C88130500C02910 /* Resources */ = {
			isa = PBXResourcesBuildPhase;
			buildActionMask = 2147483647;
			files = (
			);
			runOnlyForDeploymentPostprocessing = 0;
		};
/* End PBXResourcesBuildPhase section */

/* Begin PBXShellScriptBuildPhase section */
		6A255B36A316F3DE5E4D6A67 /* Copy Pods Resources */ = {
			isa = PBXShellScriptBuildPhase;
			buildActionMask = 2147483647;
			files = (
			);
			inputPaths = (
			);
			name = "Copy Pods Resources";
			outputPaths = (
			);
			runOnlyForDeploymentPostprocessing = 0;
			shellPath = /bin/sh;
			shellScript = "\"${SRCROOT}/Pods/Target Support Files/Pods-WYPlatformoc/Pods-WYPlatformoc-resources.sh\"\n";
			showEnvVarsInLog = 0;
		};
		AD689B708A97812DBE5F6635 /* Check Pods Manifest.lock */ = {
			isa = PBXShellScriptBuildPhase;
			buildActionMask = 2147483647;
			files = (
			);
			inputPaths = (
			);
			name = "Check Pods Manifest.lock";
			outputPaths = (
			);
			runOnlyForDeploymentPostprocessing = 0;
			shellPath = /bin/sh;
			shellScript = "diff \"${PODS_ROOT}/../Podfile.lock\" \"${PODS_ROOT}/Manifest.lock\" > /dev/null\nif [[ $? != 0 ]] ; then\n    cat << EOM\nerror: The sandbox is not in sync with the Podfile.lock. Run 'pod install' or update your CocoaPods installation.\nEOM\n    exit 1\nfi\n";
			showEnvVarsInLog = 0;
		};
		ED272763744E46CFB2A47B4F /* Embed Pods Frameworks */ = {
			isa = PBXShellScriptBuildPhase;
			buildActionMask = 2147483647;
			files = (
			);
			inputPaths = (
			);
			name = "Embed Pods Frameworks";
			outputPaths = (
			);
			runOnlyForDeploymentPostprocessing = 0;
			shellPath = /bin/sh;
			shellScript = "\"${SRCROOT}/Pods/Target Support Files/Pods-WYPlatformoc/Pods-WYPlatformoc-frameworks.sh\"\n";
			showEnvVarsInLog = 0;
		};
/* End PBXShellScriptBuildPhase section */

/* Begin PBXSourcesBuildPhase section */
		55177D651C88130400C02910 /* Sources */ = {
			isa = PBXSourcesBuildPhase;
			buildActionMask = 2147483647;
			files = (
				55177D711C88130500C02910 /* AppDelegate.m in Sources */,
				55177D9E1C88137D00C02910 /* LHHLoginTableViewCell.m in Sources */,
				5539F7E21C8E6E61007C808A /* LHHAlertView.m in Sources */,
				5539F7E91C8EB134007C808A /* LHHUser.m in Sources */,
				55C77F501C8D503800623D74 /* LHHRegistTableViewCell.m in Sources */,
				55D584E41C898EA7003138AF /* LHHBaseViewController.m in Sources */,
				55D584E71C898EF0003138AF /* LHHActionSheet.m in Sources */,
				55C77F4D1C8D263400623D74 /* LHHBarButtonItem.m in Sources */,
				55177D9F1C88137D00C02910 /* LHHLoginViewController.m in Sources */,
				55C77F4A1C8D209000623D74 /* LHHRegistViewController.m in Sources */,
				5539F7E61C8EAD59007C808A /* LHHUserManager.m in Sources */,
				55177DA01C88137D00C02910 /* LHHMainViewController.m in Sources */,
				55177D6E1C88130500C02910 /* main.m in Sources */,
			);
			runOnlyForDeploymentPostprocessing = 0;
		};
		55177D7E1C88130500C02910 /* Sources */ = {
			isa = PBXSourcesBuildPhase;
			buildActionMask = 2147483647;
			files = (
				55177D871C88130500C02910 /* WYPlatformocTests.m in Sources */,
			);
			runOnlyForDeploymentPostprocessing = 0;
		};
/* End PBXSourcesBuildPhase section */

/* Begin PBXTargetDependency section */
		55177D841C88130500C02910 /* PBXTargetDependency */ = {
			isa = PBXTargetDependency;
			target = 55177D681C88130400C02910 /* WYPlatformoc */;
			targetProxy = 55177D831C88130500C02910 /* PBXContainerItemProxy */;
		};
/* End PBXTargetDependency section */

/* Begin PBXVariantGroup section */
		55177D751C88130500C02910 /* Main.storyboard */ = {
			isa = PBXVariantGroup;
			children = (
				55177D761C88130500C02910 /* Base */,
			);
			name = Main.storyboard;
			sourceTree = "<group>";
		};
		55177D7A1C88130500C02910 /* LaunchScreen.storyboard */ = {
			isa = PBXVariantGroup;
			children = (
				55177D7B1C88130500C02910 /* Base */,
			);
			name = LaunchScreen.storyboard;
			sourceTree = "<group>";
		};
/* End PBXVariantGroup section */

/* Begin XCBuildConfiguration section */
		55177D891C88130500C02910 /* Debug */ = {
			isa = XCBuildConfiguration;
			buildSettings = {
				ALWAYS_SEARCH_USER_PATHS = NO;
				CLANG_CXX_LANGUAGE_STANDARD = "gnu++0x";
				CLANG_CXX_LIBRARY = "libc++";
				CLANG_ENABLE_MODULES = YES;
				CLANG_ENABLE_OBJC_ARC = YES;
				CLANG_WARN_BOOL_CONVERSION = YES;
				CLANG_WARN_CONSTANT_CONVERSION = YES;
				CLANG_WARN_DIRECT_OBJC_ISA_USAGE = YES_ERROR;
				CLANG_WARN_EMPTY_BODY = YES;
				CLANG_WARN_ENUM_CONVERSION = YES;
				CLANG_WARN_INT_CONVERSION = YES;
				CLANG_WARN_OBJC_ROOT_CLASS = YES_ERROR;
				CLANG_WARN_UNREACHABLE_CODE = YES;
				CLANG_WARN__DUPLICATE_METHOD_MATCH = YES;
				"CODE_SIGN_IDENTITY[sdk=iphoneos*]" = "iPhone Developer";
				COPY_PHASE_STRIP = NO;
				DEBUG_INFORMATION_FORMAT = dwarf;
				ENABLE_STRICT_OBJC_MSGSEND = YES;
				ENABLE_TESTABILITY = YES;
				GCC_C_LANGUAGE_STANDARD = gnu99;
				GCC_DYNAMIC_NO_PIC = NO;
				GCC_NO_COMMON_BLOCKS = YES;
				GCC_OPTIMIZATION_LEVEL = 0;
				GCC_PREPROCESSOR_DEFINITIONS = (
					"DEBUG=1",
					"$(inherited)",
				);
				GCC_WARN_64_TO_32_BIT_CONVERSION = YES;
				GCC_WARN_ABOUT_RETURN_TYPE = YES_ERROR;
				GCC_WARN_UNDECLARED_SELECTOR = YES;
				GCC_WARN_UNINITIALIZED_AUTOS = YES_AGGRESSIVE;
				GCC_WARN_UNUSED_FUNCTION = YES;
				GCC_WARN_UNUSED_VARIABLE = YES;
				IPHONEOS_DEPLOYMENT_TARGET = 7.0;
				MTL_ENABLE_DEBUG_INFO = YES;
				ONLY_ACTIVE_ARCH = YES;
				SDKROOT = iphoneos;
			};
			name = Debug;
		};
		55177D8A1C88130500C02910 /* Release */ = {
			isa = XCBuildConfiguration;
			buildSettings = {
				ALWAYS_SEARCH_USER_PATHS = NO;
				CLANG_CXX_LANGUAGE_STANDARD = "gnu++0x";
				CLANG_CXX_LIBRARY = "libc++";
				CLANG_ENABLE_MODULES = YES;
				CLANG_ENABLE_OBJC_ARC = YES;
				CLANG_WARN_BOOL_CONVERSION = YES;
				CLANG_WARN_CONSTANT_CONVERSION = YES;
				CLANG_WARN_DIRECT_OBJC_ISA_USAGE = YES_ERROR;
				CLANG_WARN_EMPTY_BODY = YES;
				CLANG_WARN_ENUM_CONVERSION = YES;
				CLANG_WARN_INT_CONVERSION = YES;
				CLANG_WARN_OBJC_ROOT_CLASS = YES_ERROR;
				CLANG_WARN_UNREACHABLE_CODE = YES;
				CLANG_WARN__DUPLICATE_METHOD_MATCH = YES;
				"CODE_SIGN_IDENTITY[sdk=iphoneos*]" = "iPhone Developer";
				COPY_PHASE_STRIP = NO;
				DEBUG_INFORMATION_FORMAT = "dwarf-with-dsym";
				ENABLE_NS_ASSERTIONS = NO;
				ENABLE_STRICT_OBJC_MSGSEND = YES;
				GCC_C_LANGUAGE_STANDARD = gnu99;
				GCC_NO_COMMON_BLOCKS = YES;
				GCC_WARN_64_TO_32_BIT_CONVERSION = YES;
				GCC_WARN_ABOUT_RETURN_TYPE = YES_ERROR;
				GCC_WARN_UNDECLARED_SELECTOR = YES;
				GCC_WARN_UNINITIALIZED_AUTOS = YES_AGGRESSIVE;
				GCC_WARN_UNUSED_FUNCTION = YES;
				GCC_WARN_UNUSED_VARIABLE = YES;
				IPHONEOS_DEPLOYMENT_TARGET = 7.0;
				MTL_ENABLE_DEBUG_INFO = NO;
				SDKROOT = iphoneos;
				VALIDATE_PRODUCT = YES;
			};
			name = Release;
		};
		55177D8C1C88130500C02910 /* Debug */ = {
			isa = XCBuildConfiguration;
			baseConfigurationReference = FB0969D981605CCB1A4443E8 /* Pods-WYPlatformoc.debug.xcconfig */;
			buildSettings = {
				ASSETCATALOG_COMPILER_APPICON_NAME = AppIcon;
				GCC_PREFIX_HEADER = WYPlatformoc/WYPlatformocPrefix.pch;
				INFOPLIST_FILE = WYPlatformoc/Info.plist;
				IPHONEOS_DEPLOYMENT_TARGET = 6.0;
				LD_RUNPATH_SEARCH_PATHS = "$(inherited) @executable_path/Frameworks";
				PRODUCT_BUNDLE_IDENTIFIER = com.seaphy.WYPlatformoc;
				PRODUCT_NAME = "$(TARGET_NAME)";
			};
			name = Debug;
		};
		55177D8D1C88130500C02910 /* Release */ = {
			isa = XCBuildConfiguration;
			baseConfigurationReference = 3A39305CDA1318445EE7F8DF /* Pods-WYPlatformoc.release.xcconfig */;
			buildSettings = {
				ASSETCATALOG_COMPILER_APPICON_NAME = AppIcon;
				GCC_PREFIX_HEADER = WYPlatformoc/WYPlatformocPrefix.pch;
				INFOPLIST_FILE = WYPlatformoc/Info.plist;
				IPHONEOS_DEPLOYMENT_TARGET = 6.0;
				LD_RUNPATH_SEARCH_PATHS = "$(inherited) @executable_path/Frameworks";
				PRODUCT_BUNDLE_IDENTIFIER = com.seaphy.WYPlatformoc;
				PRODUCT_NAME = "$(TARGET_NAME)";
			};
			name = Release;
		};
		55177D8F1C88130500C02910 /* Debug */ = {
			isa = XCBuildConfiguration;
			buildSettings = {
				BUNDLE_LOADER = "$(TEST_HOST)";
				INFOPLIST_FILE = WYPlatformocTests/Info.plist;
				LD_RUNPATH_SEARCH_PATHS = "$(inherited) @executable_path/Frameworks @loader_path/Frameworks";
				PRODUCT_BUNDLE_IDENTIFIER = com.seaphy.WYPlatformocTests;
				PRODUCT_NAME = "$(TARGET_NAME)";
				TEST_HOST = "$(BUILT_PRODUCTS_DIR)/WYPlatformoc.app/WYPlatformoc";
			};
			name = Debug;
		};
		55177D901C88130500C02910 /* Release */ = {
			isa = XCBuildConfiguration;
			buildSettings = {
				BUNDLE_LOADER = "$(TEST_HOST)";
				INFOPLIST_FILE = WYPlatformocTests/Info.plist;
				LD_RUNPATH_SEARCH_PATHS = "$(inherited) @executable_path/Frameworks @loader_path/Frameworks";
				PRODUCT_BUNDLE_IDENTIFIER = com.seaphy.WYPlatformocTests;
				PRODUCT_NAME = "$(TARGET_NAME)";
				TEST_HOST = "$(BUILT_PRODUCTS_DIR)/WYPlatformoc.app/WYPlatformoc";
			};
			name = Release;
		};
/* End XCBuildConfiguration section */

/* Begin XCConfigurationList section */
		55177D641C88130400C02910 /* Build configuration list for PBXProject "WYPlatformoc" */ = {
			isa = XCConfigurationList;
			buildConfigurations = (
				55177D891C88130500C02910 /* Debug */,
				55177D8A1C88130500C02910 /* Release */,
			);
			defaultConfigurationIsVisible = 0;
			defaultConfigurationName = Release;
		};
		55177D8B1C88130500C02910 /* Build configuration list for PBXNativeTarget "WYPlatformoc" */ = {
			isa = XCConfigurationList;
			buildConfigurations = (
				55177D8C1C88130500C02910 /* Debug */,
				55177D8D1C88130500C02910 /* Release */,
			);
			defaultConfigurationIsVisible = 0;
			defaultConfigurationName = Release;
		};
		55177D8E1C88130500C02910 /* Build configuration list for PBXNativeTarget "WYPlatformocTests" */ = {
			isa = XCConfigurationList;
			buildConfigurations = (
				55177D8F1C88130500C02910 /* Debug */,
				55177D901C88130500C02910 /* Release */,
			);
			defaultConfigurationIsVisible = 0;
			defaultConfigurationName = Release;
		};
/* End XCConfigurationList section */
	};
	rootObject = 55177D611C88130400C02910 /* Project object */;
}
